
Microsoft Visual Studio Solution File, Format Version 12.00
# Visual Studio 15
VisualStudioVersion = 15.0.26730.12
MinimumVisualStudioVersion = 10.0.40219.1
Project("{FAE04EC0-301F-11D3-BF4B-00C04F79EFBC}") = "chilsa 1 do N prez 3", "chilsa 1 do N prez 3\chilsa 1 do N prez 3.csproj", "{F1F6D2AA-8814-481C-A691-AF888C98BFD6}"
EndProject
Project("{FAE04EC0-301F-11D3-BF4B-00C04F79EFBC}") = "Numbers N to 1", "Numbers N to 1\Numbers N to 1.csproj", "{2D8EF2C9-F8E8-469E-97DB-B4E5F2782240}"
EndProject
Project("{FAE04EC0-301F-11D3-BF4B-00C04F79EFBC}") = "Numbers 2 to 2n(stepen)", "Numbers 2 to 2n(stepen)\Numbers 2 to 2n(stepen).csproj", "{1A9395F4-9A2E-49FF-811C-6C396F86E948}"
EndProject
Project("{FAE04EC0-301F-11D3-BF4B-00C04F79EFBC}") = "even equation of 2", "even equation of 2\even equation of 2.csproj", "{12912B21-FC4C-40CF-9D2E-2A0734494E2E}"
EndProject
Project("{FAE04EC0-301F-11D3-BF4B-00C04F79EFBC}") = "sequence 2k+1", "sequence 2k+1\sequence 2k+1.csproj", "{1CCDC984-9ED3-4168-8927-628B4CE2832A}"
EndProject
Project("{FAE04EC0-301F-11D3-BF4B-00C04F79EFBC}") = "Number in range 1..100", "Number in range 1..100\Number in range 1..100.csproj", "{9FDE78CA-857F-49BA-B01D-D45EE41AA854}"
EndProject
Project("{FAE04EC0-301F-11D3-BF4B-00C04F79EFBC}") = "greatest common divisor", "greatest common divisor\greatest common divisor.csproj", "{4716653B-D588-496C-98B0-98BB17125406}"
EndProject
Project("{FAE04EC0-301F-11D3-BF4B-00C04F79EFBC}") = "greatest common divisor with Evklid algoritm", "greatest common divisor with Evklid algoritm\greatest common divisor with Evklid algoritm.csproj", "{026C98EF-4EFA-4D71-AD28-42395B82D953}"
EndProject
Project("{FAE04EC0-301F-11D3-BF4B-00C04F79EFBC}") = "Factorial", "Factorial\Factorial.csproj", "{6CAA0FB6-E2B0-438A-B66D-E452437470C5}"
EndProject
Project("{FAE04EC0-301F-11D3-BF4B-00C04F79EFBC}") = "factorial with do while", "factorial with do while\factorial with do while.csproj", "{1735BE8D-8F2A-4FA2-A430-89FD39006CA9}"
EndProject
Project("{FAE04EC0-301F-11D3-BF4B-00C04F79EFBC}") = "Sum digits", "Sum digits\Sum digits.csproj", "{5AC90F77-759C-461F-9F44-4AB3E441EE7D}"
EndProject
Project("{FAE04EC0-301F-11D3-BF4B-00C04F79EFBC}") = "proba greshka", "proba greshka\proba greshka.csproj", "{A6B1FE69-705F-4D67-96BA-3B3038699C05}"
EndProject
Project("{FAE04EC0-301F-11D3-BF4B-00C04F79EFBC}") = "check prime", "check prime\check prime.csproj", "{8963572D-DB64-47B0-AE95-AC7068B9D2A5}"
EndProject
Project("{FAE04EC0-301F-11D3-BF4B-00C04F79EFBC}") = "even number n", "even number n\even number n.csproj", "{F87D99C2-30A9-4523-A0A1-B6095CC58B2B}"
EndProject
Project("{FAE04EC0-301F-11D3-BF4B-00C04F79EFBC}") = "fibonacci numbers", "fibonacci numbers\fibonacci numbers.csproj", "{1F43843B-7FE3-4419-B42A-47980725C05B}"
EndProject
Project("{FAE04EC0-301F-11D3-BF4B-00C04F79EFBC}") = "number pyramid", "number pyramid\number pyramid.csproj", "{592ABE9C-157D-439D-8344-11704554E86B}"
EndProject
Project("{FAE04EC0-301F-11D3-BF4B-00C04F79EFBC}") = "number pyramid 2 100 100", "number pyramid 2 100 100\number pyramid 2 100 100.csproj", "{47451B93-8E73-4A3A-A0C6-DF068D323A7A}"
EndProject
Project("{FAE04EC0-301F-11D3-BF4B-00C04F79EFBC}") = "number table", "number table\number table.csproj", "{559F37C1-46EB-45AB-8237-39A7D6C43057}"
EndProject
Project("{FAE04EC0-301F-11D3-BF4B-00C04F79EFBC}") = "enter even number with try and catch and break!!!", "enter even number with try and catch and break!!!\enter even number with try and catch and break!!!.csproj", "{7F50114E-FCBE-4AFA-B31E-6E953DB071D7}"
EndProject
Project("{FAE04EC0-301F-11D3-BF4B-00C04F79EFBC}") = "THE SONG OF THE WHEELS", "THE SONG OF THE WEELS\THE SONG OF THE WHEELS.csproj", "{A7BC0BF4-D46F-42EA-852D-92013FDBEFA8}"
EndProject
Project("{FAE04EC0-301F-11D3-BF4B-00C04F79EFBC}") = "NUMBER GENERATOR", "NUMBER GENERATOR\NUMBER GENERATOR.csproj", "{B4255D7E-9D23-43D3-A836-4D356A8B52AE}"
EndProject
Project("{FAE04EC0-301F-11D3-BF4B-00C04F79EFBC}") = "PROFIT", "PROFIT\PROFIT.csproj", "{53D22AB2-1D9F-4AE0-937A-CA87B22ECA4C}"
EndProject
Project("{FAE04EC0-301F-11D3-BF4B-00C04F79EFBC}") = "GROUP NAME", "GROUP NAME\GROUP NAME.csproj", "{0738E741-CF0A-4D3F-AB4C-6D5185FACAAA}"
EndProject
Project("{FAE04EC0-301F-11D3-BF4B-00C04F79EFBC}") = "SUM OR MULTIPLICATION", "SUM OR MULTIPLICATION\SUM OR MULTIPLICATION.csproj", "{B8EBE27C-7A3B-4A27-8762-7A2984F8E4B6}"
EndProject
Project("{FAE04EC0-301F-11D3-BF4B-00C04F79EFBC}") = "STUPID PASSWORD GENERATOR", "STUPID PASSWORD GENERATOR\STUPID PASSWORD GENERATOR.csproj", "{3DE9B37D-4AC2-4B96-A2A8-AE42A1ED9A0E}"
EndProject
Project("{FAE04EC0-301F-11D3-BF4B-00C04F79EFBC}") = "MAGIC COMBINATION", "MAGIC COMBINATION\MAGIC COMBINATION.csproj", "{FC49767F-E081-4B95-ACA3-482F80076CBE}"
EndProject
Project("{FAE04EC0-301F-11D3-BF4B-00C04F79EFBC}") = "STOP NUMBER", "STOP NUMBER\STOP NUMBER.csproj", "{9BF42870-2038-4F0A-A3D6-6E954DB4FEBD}"
EndProject
Project("{FAE04EC0-301F-11D3-BF4B-00C04F79EFBC}") = "SPECIAL NUMBER", "SPECIAL NUMBER\SPECIAL NUMBER.csproj", "{2C8B1528-C8DB-483B-9B59-307BAD13B9EB}"
EndProject
Project("{FAE04EC0-301F-11D3-BF4B-00C04F79EFBC}") = "DIGITS", "DIGITS\DIGITS.csproj", "{21485414-8177-4815-9662-3FA06FD46079}"
EndProject
Project("{FAE04EC0-301F-11D3-BF4B-00C04F79EFBC}") = "CONTROL NUMBER", "CONTROL NUMBER\CONTROL NUMBER.csproj", "{B9DF69EB-5E90-4ADA-8B9E-899112DA8BC1}"
EndProject
Project("{FAE04EC0-301F-11D3-BF4B-00C04F79EFBC}") = "CROSSING SEQUENCES", "CROSSING SEQUENCES\CROSSING SEQUENCES.csproj", "{AB5907AB-6898-4589-8D91-6D92A843F372}"
EndProject
Global
	GlobalSection(SolutionConfigurationPlatforms) = preSolution
		Debug|Any CPU = Debug|Any CPU
		Release|Any CPU = Release|Any CPU
	EndGlobalSection
	GlobalSection(ProjectConfigurationPlatforms) = postSolution
		{F1F6D2AA-8814-481C-A691-AF888C98BFD6}.Debug|Any CPU.ActiveCfg = Debug|Any CPU
		{F1F6D2AA-8814-481C-A691-AF888C98BFD6}.Debug|Any CPU.Build.0 = Debug|Any CPU
		{F1F6D2AA-8814-481C-A691-AF888C98BFD6}.Release|Any CPU.ActiveCfg = Release|Any CPU
		{F1F6D2AA-8814-481C-A691-AF888C98BFD6}.Release|Any CPU.Build.0 = Release|Any CPU
		{2D8EF2C9-F8E8-469E-97DB-B4E5F2782240}.Debug|Any CPU.ActiveCfg = Debug|Any CPU
		{2D8EF2C9-F8E8-469E-97DB-B4E5F2782240}.Debug|Any CPU.Build.0 = Debug|Any CPU
		{2D8EF2C9-F8E8-469E-97DB-B4E5F2782240}.Release|Any CPU.ActiveCfg = Release|Any CPU
		{2D8EF2C9-F8E8-469E-97DB-B4E5F2782240}.Release|Any CPU.Build.0 = Release|Any CPU
		{1A9395F4-9A2E-49FF-811C-6C396F86E948}.Debug|Any CPU.ActiveCfg = Debug|Any CPU
		{1A9395F4-9A2E-49FF-811C-6C396F86E948}.Debug|Any CPU.Build.0 = Debug|Any CPU
		{1A9395F4-9A2E-49FF-811C-6C396F86E948}.Release|Any CPU.ActiveCfg = Release|Any CPU
		{1A9395F4-9A2E-49FF-811C-6C396F86E948}.Release|Any CPU.Build.0 = Release|Any CPU
		{12912B21-FC4C-40CF-9D2E-2A0734494E2E}.Debug|Any CPU.ActiveCfg = Debug|Any CPU
		{12912B21-FC4C-40CF-9D2E-2A0734494E2E}.Debug|Any CPU.Build.0 = Debug|Any CPU
		{12912B21-FC4C-40CF-9D2E-2A0734494E2E}.Release|Any CPU.ActiveCfg = Release|Any CPU
		{12912B21-FC4C-40CF-9D2E-2A0734494E2E}.Release|Any CPU.Build.0 = Release|Any CPU
		{1CCDC984-9ED3-4168-8927-628B4CE2832A}.Debug|Any CPU.ActiveCfg = Debug|Any CPU
		{1CCDC984-9ED3-4168-8927-628B4CE2832A}.Debug|Any CPU.Build.0 = Debug|Any CPU
		{1CCDC984-9ED3-4168-8927-628B4CE2832A}.Release|Any CPU.ActiveCfg = Release|Any CPU
		{1CCDC984-9ED3-4168-8927-628B4CE2832A}.Release|Any CPU.Build.0 = Release|Any CPU
		{9FDE78CA-857F-49BA-B01D-D45EE41AA854}.Debug|Any CPU.ActiveCfg = Debug|Any CPU
		{9FDE78CA-857F-49BA-B01D-D45EE41AA854}.Debug|Any CPU.Build.0 = Debug|Any CPU
		{9FDE78CA-857F-49BA-B01D-D45EE41AA854}.Release|Any CPU.ActiveCfg = Release|Any CPU
		{9FDE78CA-857F-49BA-B01D-D45EE41AA854}.Release|Any CPU.Build.0 = Release|Any CPU
		{4716653B-D588-496C-98B0-98BB17125406}.Debug|Any CPU.ActiveCfg = Debug|Any CPU
		{4716653B-D588-496C-98B0-98BB17125406}.Debug|Any CPU.Build.0 = Debug|Any CPU
		{4716653B-D588-496C-98B0-98BB17125406}.Release|Any CPU.ActiveCfg = Release|Any CPU
		{4716653B-D588-496C-98B0-98BB17125406}.Release|Any CPU.Build.0 = Release|Any CPU
		{026C98EF-4EFA-4D71-AD28-42395B82D953}.Debug|Any CPU.ActiveCfg = Debug|Any CPU
		{026C98EF-4EFA-4D71-AD28-42395B82D953}.Debug|Any CPU.Build.0 = Debug|Any CPU
		{026C98EF-4EFA-4D71-AD28-42395B82D953}.Release|Any CPU.ActiveCfg = Release|Any CPU
		{026C98EF-4EFA-4D71-AD28-42395B82D953}.Release|Any CPU.Build.0 = Release|Any CPU
		{6CAA0FB6-E2B0-438A-B66D-E452437470C5}.Debug|Any CPU.ActiveCfg = Debug|Any CPU
		{6CAA0FB6-E2B0-438A-B66D-E452437470C5}.Debug|Any CPU.Build.0 = Debug|Any CPU
		{6CAA0FB6-E2B0-438A-B66D-E452437470C5}.Release|Any CPU.ActiveCfg = Release|Any CPU
		{6CAA0FB6-E2B0-438A-B66D-E452437470C5}.Release|Any CPU.Build.0 = Release|Any CPU
		{1735BE8D-8F2A-4FA2-A430-89FD39006CA9}.Debug|Any CPU.ActiveCfg = Debug|Any CPU
		{1735BE8D-8F2A-4FA2-A430-89FD39006CA9}.Debug|Any CPU.Build.0 = Debug|Any CPU
		{1735BE8D-8F2A-4FA2-A430-89FD39006CA9}.Release|Any CPU.ActiveCfg = Release|Any CPU
		{1735BE8D-8F2A-4FA2-A430-89FD39006CA9}.Release|Any CPU.Build.0 = Release|Any CPU
		{5AC90F77-759C-461F-9F44-4AB3E441EE7D}.Debug|Any CPU.ActiveCfg = Debug|Any CPU
		{5AC90F77-759C-461F-9F44-4AB3E441EE7D}.Debug|Any CPU.Build.0 = Debug|Any CPU
		{5AC90F77-759C-461F-9F44-4AB3E441EE7D}.Release|Any CPU.ActiveCfg = Release|Any CPU
		{5AC90F77-759C-461F-9F44-4AB3E441EE7D}.Release|Any CPU.Build.0 = Release|Any CPU
		{A6B1FE69-705F-4D67-96BA-3B3038699C05}.Debug|Any CPU.ActiveCfg = Debug|Any CPU
		{A6B1FE69-705F-4D67-96BA-3B3038699C05}.Debug|Any CPU.Build.0 = Debug|Any CPU
		{A6B1FE69-705F-4D67-96BA-3B3038699C05}.Release|Any CPU.ActiveCfg = Release|Any CPU
		{A6B1FE69-705F-4D67-96BA-3B3038699C05}.Release|Any CPU.Build.0 = Release|Any CPU
		{8963572D-DB64-47B0-AE95-AC7068B9D2A5}.Debug|Any CPU.ActiveCfg = Debug|Any CPU
		{8963572D-DB64-47B0-AE95-AC7068B9D2A5}.Debug|Any CPU.Build.0 = Debug|Any CPU
		{8963572D-DB64-47B0-AE95-AC7068B9D2A5}.Release|Any CPU.ActiveCfg = Release|Any CPU
		{8963572D-DB64-47B0-AE95-AC7068B9D2A5}.Release|Any CPU.Build.0 = Release|Any CPU
		{F87D99C2-30A9-4523-A0A1-B6095CC58B2B}.Debug|Any CPU.ActiveCfg = Debug|Any CPU
		{F87D99C2-30A9-4523-A0A1-B6095CC58B2B}.Debug|Any CPU.Build.0 = Debug|Any CPU
		{F87D99C2-30A9-4523-A0A1-B6095CC58B2B}.Release|Any CPU.ActiveCfg = Release|Any CPU
		{F87D99C2-30A9-4523-A0A1-B6095CC58B2B}.Release|Any CPU.Build.0 = Release|Any CPU
		{1F43843B-7FE3-4419-B42A-47980725C05B}.Debug|Any CPU.ActiveCfg = Debug|Any CPU
		{1F43843B-7FE3-4419-B42A-47980725C05B}.Debug|Any CPU.Build.0 = Debug|Any CPU
		{1F43843B-7FE3-4419-B42A-47980725C05B}.Release|Any CPU.ActiveCfg = Release|Any CPU
		{1F43843B-7FE3-4419-B42A-47980725C05B}.Release|Any CPU.Build.0 = Release|Any CPU
		{592ABE9C-157D-439D-8344-11704554E86B}.Debug|Any CPU.ActiveCfg = Debug|Any CPU
		{592ABE9C-157D-439D-8344-11704554E86B}.Debug|Any CPU.Build.0 = Debug|Any CPU
		{592ABE9C-157D-439D-8344-11704554E86B}.Release|Any CPU.ActiveCfg = Release|Any CPU
		{592ABE9C-157D-439D-8344-11704554E86B}.Release|Any CPU.Build.0 = Release|Any CPU
		{47451B93-8E73-4A3A-A0C6-DF068D323A7A}.Debug|Any CPU.ActiveCfg = Debug|Any CPU
		{47451B93-8E73-4A3A-A0C6-DF068D323A7A}.Debug|Any CPU.Build.0 = Debug|Any CPU
		{47451B93-8E73-4A3A-A0C6-DF068D323A7A}.Release|Any CPU.ActiveCfg = Release|Any CPU
		{47451B93-8E73-4A3A-A0C6-DF068D323A7A}.Release|Any CPU.Build.0 = Release|Any CPU
		{559F37C1-46EB-45AB-8237-39A7D6C43057}.Debug|Any CPU.ActiveCfg = Debug|Any CPU
		{559F37C1-46EB-45AB-8237-39A7D6C43057}.Debug|Any CPU.Build.0 = Debug|Any CPU
		{559F37C1-46EB-45AB-8237-39A7D6C43057}.Release|Any CPU.ActiveCfg = Release|Any CPU
		{559F37C1-46EB-45AB-8237-39A7D6C43057}.Release|Any CPU.Build.0 = Release|Any CPU
		{7F50114E-FCBE-4AFA-B31E-6E953DB071D7}.Debug|Any CPU.ActiveCfg = Debug|Any CPU
		{7F50114E-FCBE-4AFA-B31E-6E953DB071D7}.Debug|Any CPU.Build.0 = Debug|Any CPU
		{7F50114E-FCBE-4AFA-B31E-6E953DB071D7}.Release|Any CPU.ActiveCfg = Release|Any CPU
		{7F50114E-FCBE-4AFA-B31E-6E953DB071D7}.Release|Any CPU.Build.0 = Release|Any CPU
		{A7BC0BF4-D46F-42EA-852D-92013FDBEFA8}.Debug|Any CPU.ActiveCfg = Debug|Any CPU
		{A7BC0BF4-D46F-42EA-852D-92013FDBEFA8}.Debug|Any CPU.Build.0 = Debug|Any CPU
		{A7BC0BF4-D46F-42EA-852D-92013FDBEFA8}.Release|Any CPU.ActiveCfg = Release|Any CPU
		{A7BC0BF4-D46F-42EA-852D-92013FDBEFA8}.Release|Any CPU.Build.0 = Release|Any CPU
		{B4255D7E-9D23-43D3-A836-4D356A8B52AE}.Debug|Any CPU.ActiveCfg = Debug|Any CPU
		{B4255D7E-9D23-43D3-A836-4D356A8B52AE}.Debug|Any CPU.Build.0 = Debug|Any CPU
		{B4255D7E-9D23-43D3-A836-4D356A8B52AE}.Release|Any CPU.ActiveCfg = Release|Any CPU
		{B4255D7E-9D23-43D3-A836-4D356A8B52AE}.Release|Any CPU.Build.0 = Release|Any CPU
		{53D22AB2-1D9F-4AE0-937A-CA87B22ECA4C}.Debug|Any CPU.ActiveCfg = Debug|Any CPU
		{53D22AB2-1D9F-4AE0-937A-CA87B22ECA4C}.Debug|Any CPU.Build.0 = Debug|Any CPU
		{53D22AB2-1D9F-4AE0-937A-CA87B22ECA4C}.Release|Any CPU.ActiveCfg = Release|Any CPU
		{53D22AB2-1D9F-4AE0-937A-CA87B22ECA4C}.Release|Any CPU.Build.0 = Release|Any CPU
		{0738E741-CF0A-4D3F-AB4C-6D5185FACAAA}.Debug|Any CPU.ActiveCfg = Debug|Any CPU
		{0738E741-CF0A-4D3F-AB4C-6D5185FACAAA}.Debug|Any CPU.Build.0 = Debug|Any CPU
		{0738E741-CF0A-4D3F-AB4C-6D5185FACAAA}.Release|Any CPU.ActiveCfg = Release|Any CPU
		{0738E741-CF0A-4D3F-AB4C-6D5185FACAAA}.Release|Any CPU.Build.0 = Release|Any CPU
		{B8EBE27C-7A3B-4A27-8762-7A2984F8E4B6}.Debug|Any CPU.ActiveCfg = Debug|Any CPU
		{B8EBE27C-7A3B-4A27-8762-7A2984F8E4B6}.Debug|Any CPU.Build.0 = Debug|Any CPU
		{B8EBE27C-7A3B-4A27-8762-7A2984F8E4B6}.Release|Any CPU.ActiveCfg = Release|Any CPU
		{B8EBE27C-7A3B-4A27-8762-7A2984F8E4B6}.Release|Any CPU.Build.0 = Release|Any CPU
		{3DE9B37D-4AC2-4B96-A2A8-AE42A1ED9A0E}.Debug|Any CPU.ActiveCfg = Debug|Any CPU
		{3DE9B37D-4AC2-4B96-A2A8-AE42A1ED9A0E}.Debug|Any CPU.Build.0 = Debug|Any CPU
		{3DE9B37D-4AC2-4B96-A2A8-AE42A1ED9A0E}.Release|Any CPU.ActiveCfg = Release|Any CPU
		{3DE9B37D-4AC2-4B96-A2A8-AE42A1ED9A0E}.Release|Any CPU.Build.0 = Release|Any CPU
		{FC49767F-E081-4B95-ACA3-482F80076CBE}.Debug|Any CPU.ActiveCfg = Debug|Any CPU
		{FC49767F-E081-4B95-ACA3-482F80076CBE}.Debug|Any CPU.Build.0 = Debug|Any CPU
		{FC49767F-E081-4B95-ACA3-482F80076CBE}.Release|Any CPU.ActiveCfg = Release|Any CPU
		{FC49767F-E081-4B95-ACA3-482F80076CBE}.Release|Any CPU.Build.0 = Release|Any CPU
		{9BF42870-2038-4F0A-A3D6-6E954DB4FEBD}.Debug|Any CPU.ActiveCfg = Debug|Any CPU
		{9BF42870-2038-4F0A-A3D6-6E954DB4FEBD}.Debug|Any CPU.Build.0 = Debug|Any CPU
		{9BF42870-2038-4F0A-A3D6-6E954DB4FEBD}.Release|Any CPU.ActiveCfg = Release|Any CPU
		{9BF42870-2038-4F0A-A3D6-6E954DB4FEBD}.Release|Any CPU.Build.0 = Release|Any CPU
		{2C8B1528-C8DB-483B-9B59-307BAD13B9EB}.Debug|Any CPU.ActiveCfg = Debug|Any CPU
		{2C8B1528-C8DB-483B-9B59-307BAD13B9EB}.Debug|Any CPU.Build.0 = Debug|Any CPU
		{2C8B1528-C8DB-483B-9B59-307BAD13B9EB}.Release|Any CPU.ActiveCfg = Release|Any CPU
		{2C8B1528-C8DB-483B-9B59-307BAD13B9EB}.Release|Any CPU.Build.0 = Release|Any CPU
		{21485414-8177-4815-9662-3FA06FD46079}.Debug|Any CPU.ActiveCfg = Debug|Any CPU
		{21485414-8177-4815-9662-3FA06FD46079}.Debug|Any CPU.Build.0 = Debug|Any CPU
		{21485414-8177-4815-9662-3FA06FD46079}.Release|Any CPU.ActiveCfg = Release|Any CPU
		{21485414-8177-4815-9662-3FA06FD46079}.Release|Any CPU.Build.0 = Release|Any CPU
		{B9DF69EB-5E90-4ADA-8B9E-899112DA8BC1}.Debug|Any CPU.ActiveCfg = Debug|Any CPU
		{B9DF69EB-5E90-4ADA-8B9E-899112DA8BC1}.Debug|Any CPU.Build.0 = Debug|Any CPU
		{B9DF69EB-5E90-4ADA-8B9E-899112DA8BC1}.Release|Any CPU.ActiveCfg = Release|Any CPU
		{B9DF69EB-5E90-4ADA-8B9E-899112DA8BC1}.Release|Any CPU.Build.0 = Release|Any CPU
		{AB5907AB-6898-4589-8D91-6D92A843F372}.Debug|Any CPU.ActiveCfg = Debug|Any CPU
		{AB5907AB-6898-4589-8D91-6D92A843F372}.Debug|Any CPU.Build.0 = Debug|Any CPU
		{AB5907AB-6898-4589-8D91-6D92A843F372}.Release|Any CPU.ActiveCfg = Release|Any CPU
		{AB5907AB-6898-4589-8D91-6D92A843F372}.Release|Any CPU.Build.0 = Release|Any CPU
	EndGlobalSection
	GlobalSection(SolutionProperties) = preSolution
		HideSolutionNode = FALSE
	EndGlobalSection
	GlobalSection(ExtensibilityGlobals) = postSolution
		SolutionGuid = {8DB14EC7-BD6E-4434-B576-9223A7F2026F}
	EndGlobalSection
EndGlobal
