
Microsoft Visual Studio Solution File, Format Version 12.00
# Visual Studio 15
VisualStudioVersion = 15.0.26730.12
MinimumVisualStudioVersion = 10.0.40219.1
Project("{FAE04EC0-301F-11D3-BF4B-00C04F79EFBC}") = "zadacha even odd number", "ConsoleApp1\zadacha even odd number.csproj", "{31D458E1-06F8-4A62-A97D-041607FE6C9C}"
EndProject
Project("{FAE04EC0-301F-11D3-BF4B-00C04F79EFBC}") = "po golqmo chislo", "po golqmo chislo\po golqmo chislo.csproj", "{578A391E-82B1-4F70-A870-F2F52CF97649}"
EndProject
Project("{FAE04EC0-301F-11D3-BF4B-00C04F79EFBC}") = "bonus score", "new\bonus score.csproj", "{14ADA768-A0FA-424E-974A-DBF14F85EFDA}"
EndProject
Project("{FAE04EC0-301F-11D3-BF4B-00C04F79EFBC}") = "excellent result", "excellent result\excellent result.csproj", "{0EA76E55-FC9A-4B2F-8AEB-78E018AFEF6F}"
EndProject
Project("{FAE04EC0-301F-11D3-BF4B-00C04F79EFBC}") = "Number 0 9 to text", "Number 0 9 to text\Number 0 9 to text.csproj", "{41A79EB2-2842-49ED-9B00-A718193C787B}"
EndProject
Project("{FAE04EC0-301F-11D3-BF4B-00C04F79EFBC}") = "sum seconds", "sum seconds\sum seconds.csproj", "{56A56E93-8734-4336-9599-1926607776D4}"
EndProject
Project("{FAE04EC0-301F-11D3-BF4B-00C04F79EFBC}") = "Metrie converter", "Metrie converter\Metrie converter.csproj", "{649D9359-BF8A-4435-BF68-BF6A17635A75}"
EndProject
Project("{FAE04EC0-301F-11D3-BF4B-00C04F79EFBC}") = "password guess", "password guess\password guess.csproj", "{C93576FA-6466-49A4-987E-6198003989C6}"
EndProject
Project("{FAE04EC0-301F-11D3-BF4B-00C04F79EFBC}") = "equel words", "equel words\equel words.csproj", "{70DBD71D-783C-402F-903D-CA6354FEDCE9}"
EndProject
Project("{FAE04EC0-301F-11D3-BF4B-00C04F79EFBC}") = "Speed info", "Speed info\Speed info.csproj", "{588ACD2B-538F-4BAF-8BA7-B188CAE55773}"
EndProject
Project("{FAE04EC0-301F-11D3-BF4B-00C04F79EFBC}") = "area of figures", "area of figures\area of figures.csproj", "{695F524F-CBAA-4D36-84C4-26722757CDDA}"
EndProject
Project("{FAE04EC0-301F-11D3-BF4B-00C04F79EFBC}") = "Time + 15 min", "Time + 15 min\Time + 15 min.csproj", "{7CEC3D72-9606-4470-86FD-1E245700AC20}"
EndProject
Project("{FAE04EC0-301F-11D3-BF4B-00C04F79EFBC}") = "3 equal numbers", "3 equal numbers\3 equal numbers.csproj", "{47510859-69B1-402C-8EB3-04059BD8C0C0}"
EndProject
Project("{FAE04EC0-301F-11D3-BF4B-00C04F79EFBC}") = "SCHOLARSHIP", "number 0 to 100 to text\SCHOLARSHIP.csproj", "{B8B65BA9-6D26-45E9-B018-DF410D3C963C}"
EndProject
Project("{FAE04EC0-301F-11D3-BF4B-00C04F79EFBC}") = "TRANSPORT PRICE", "probi greshki\TRANSPORT PRICE.csproj", "{D56F07D0-0FB3-4070-B36F-68A74484EB80}"
EndProject
Project("{FAE04EC0-301F-11D3-BF4B-00C04F79EFBC}") = "PIPES IN POOL", "PIPES IN POOL\PIPES IN POOL.csproj", "{9A8D9BA6-28E6-4074-A655-ADE70E8FA35E}"
EndProject
Project("{FAE04EC0-301F-11D3-BF4B-00C04F79EFBC}") = "SLEEPY TOM CAT", "SLEEPY TOM CAT\SLEEPY TOM CAT.csproj", "{20909D27-E851-4B45-B346-809805EFD193}"
EndProject
Project("{FAE04EC0-301F-11D3-BF4B-00C04F79EFBC}") = "HARVEST", "HARVEST\HARVEST.csproj", "{DA8A8BAA-C31A-4A14-A39A-07D4544E1D2B}"
EndProject
Project("{FAE04EC0-301F-11D3-BF4B-00C04F79EFBC}") = "FIRM", "FIRM\FIRM.csproj", "{63D0D288-C885-4157-B1BA-3FCD1A5903B7}"
EndProject
Project("{FAE04EC0-301F-11D3-BF4B-00C04F79EFBC}") = "Number 1to100 to text", "proba greshka\Number 1to100 to text.csproj", "{71FD3F9A-AC30-4DFA-BA40-E02E91C5EAF9}"
EndProject
Project("{FAE04EC0-301F-11D3-BF4B-00C04F79EFBC}") = "currency converter", "currency converter\currency converter.csproj", "{6B7C0222-6362-418D-BA73-E6006C0428DE}"
EndProject
Project("{FAE04EC0-301F-11D3-BF4B-00C04F79EFBC}") = "proba greshka", "пробжане\proba greshka.csproj", "{3A0CEE35-993A-4122-A3D2-50B4A89E60B9}"
EndProject
Project("{FAE04EC0-301F-11D3-BF4B-00C04F79EFBC}") = "Choreography", "Choreography\Choreography.csproj", "{10C0547B-FDBF-4356-9382-1393030DF1AA}"
EndProject
Project("{FAE04EC0-301F-11D3-BF4B-00C04F79EFBC}") = "SVETOVEN REKORD PO PLUVANE WORLD SWIM RECORD", "SVETOVEN REKORD PO PLUVANE WORLD SWIM RECORD\SVETOVEN REKORD PO PLUVANE WORLD SWIM RECORD.csproj", "{2F693055-3440-4084-AA5E-11DEEE95A4CB}"
EndProject
Project("{FAE04EC0-301F-11D3-BF4B-00C04F79EFBC}") = "TOY SHOP", "TOY SHOP\TOY SHOP.csproj", "{DE8FC8C5-50C8-4C39-96D6-76418073695D}"
EndProject
Project("{FAE04EC0-301F-11D3-BF4B-00C04F79EFBC}") = "vtori variant na FIRM", "newwwwwwww\vtori variant na FIRM.csproj", "{0940E195-75C0-4CCC-9A43-AB9E19B03F2E}"
EndProject
Project("{FAE04EC0-301F-11D3-BF4B-00C04F79EFBC}") = "THREE BROTHERS", "proba grashka 2\THREE BROTHERS.csproj", "{B9DFAE7F-0A53-43DC-B5BE-0057EDFABB4E}"
EndProject
Global
	GlobalSection(SolutionConfigurationPlatforms) = preSolution
		Debug|Any CPU = Debug|Any CPU
		Release|Any CPU = Release|Any CPU
	EndGlobalSection
	GlobalSection(ProjectConfigurationPlatforms) = postSolution
		{31D458E1-06F8-4A62-A97D-041607FE6C9C}.Debug|Any CPU.ActiveCfg = Debug|Any CPU
		{31D458E1-06F8-4A62-A97D-041607FE6C9C}.Debug|Any CPU.Build.0 = Debug|Any CPU
		{31D458E1-06F8-4A62-A97D-041607FE6C9C}.Release|Any CPU.ActiveCfg = Release|Any CPU
		{31D458E1-06F8-4A62-A97D-041607FE6C9C}.Release|Any CPU.Build.0 = Release|Any CPU
		{578A391E-82B1-4F70-A870-F2F52CF97649}.Debug|Any CPU.ActiveCfg = Debug|Any CPU
		{578A391E-82B1-4F70-A870-F2F52CF97649}.Debug|Any CPU.Build.0 = Debug|Any CPU
		{578A391E-82B1-4F70-A870-F2F52CF97649}.Release|Any CPU.ActiveCfg = Release|Any CPU
		{578A391E-82B1-4F70-A870-F2F52CF97649}.Release|Any CPU.Build.0 = Release|Any CPU
		{14ADA768-A0FA-424E-974A-DBF14F85EFDA}.Debug|Any CPU.ActiveCfg = Debug|Any CPU
		{14ADA768-A0FA-424E-974A-DBF14F85EFDA}.Debug|Any CPU.Build.0 = Debug|Any CPU
		{14ADA768-A0FA-424E-974A-DBF14F85EFDA}.Release|Any CPU.ActiveCfg = Release|Any CPU
		{14ADA768-A0FA-424E-974A-DBF14F85EFDA}.Release|Any CPU.Build.0 = Release|Any CPU
		{0EA76E55-FC9A-4B2F-8AEB-78E018AFEF6F}.Debug|Any CPU.ActiveCfg = Debug|Any CPU
		{0EA76E55-FC9A-4B2F-8AEB-78E018AFEF6F}.Debug|Any CPU.Build.0 = Debug|Any CPU
		{0EA76E55-FC9A-4B2F-8AEB-78E018AFEF6F}.Release|Any CPU.ActiveCfg = Release|Any CPU
		{0EA76E55-FC9A-4B2F-8AEB-78E018AFEF6F}.Release|Any CPU.Build.0 = Release|Any CPU
		{41A79EB2-2842-49ED-9B00-A718193C787B}.Debug|Any CPU.ActiveCfg = Debug|Any CPU
		{41A79EB2-2842-49ED-9B00-A718193C787B}.Debug|Any CPU.Build.0 = Debug|Any CPU
		{41A79EB2-2842-49ED-9B00-A718193C787B}.Release|Any CPU.ActiveCfg = Release|Any CPU
		{41A79EB2-2842-49ED-9B00-A718193C787B}.Release|Any CPU.Build.0 = Release|Any CPU
		{56A56E93-8734-4336-9599-1926607776D4}.Debug|Any CPU.ActiveCfg = Debug|Any CPU
		{56A56E93-8734-4336-9599-1926607776D4}.Debug|Any CPU.Build.0 = Debug|Any CPU
		{56A56E93-8734-4336-9599-1926607776D4}.Release|Any CPU.ActiveCfg = Release|Any CPU
		{56A56E93-8734-4336-9599-1926607776D4}.Release|Any CPU.Build.0 = Release|Any CPU
		{649D9359-BF8A-4435-BF68-BF6A17635A75}.Debug|Any CPU.ActiveCfg = Debug|Any CPU
		{649D9359-BF8A-4435-BF68-BF6A17635A75}.Debug|Any CPU.Build.0 = Debug|Any CPU
		{649D9359-BF8A-4435-BF68-BF6A17635A75}.Release|Any CPU.ActiveCfg = Release|Any CPU
		{649D9359-BF8A-4435-BF68-BF6A17635A75}.Release|Any CPU.Build.0 = Release|Any CPU
		{C93576FA-6466-49A4-987E-6198003989C6}.Debug|Any CPU.ActiveCfg = Debug|Any CPU
		{C93576FA-6466-49A4-987E-6198003989C6}.Debug|Any CPU.Build.0 = Debug|Any CPU
		{C93576FA-6466-49A4-987E-6198003989C6}.Release|Any CPU.ActiveCfg = Release|Any CPU
		{C93576FA-6466-49A4-987E-6198003989C6}.Release|Any CPU.Build.0 = Release|Any CPU
		{70DBD71D-783C-402F-903D-CA6354FEDCE9}.Debug|Any CPU.ActiveCfg = Debug|Any CPU
		{70DBD71D-783C-402F-903D-CA6354FEDCE9}.Debug|Any CPU.Build.0 = Debug|Any CPU
		{70DBD71D-783C-402F-903D-CA6354FEDCE9}.Release|Any CPU.ActiveCfg = Release|Any CPU
		{70DBD71D-783C-402F-903D-CA6354FEDCE9}.Release|Any CPU.Build.0 = Release|Any CPU
		{588ACD2B-538F-4BAF-8BA7-B188CAE55773}.Debug|Any CPU.ActiveCfg = Debug|Any CPU
		{588ACD2B-538F-4BAF-8BA7-B188CAE55773}.Debug|Any CPU.Build.0 = Debug|Any CPU
		{588ACD2B-538F-4BAF-8BA7-B188CAE55773}.Release|Any CPU.ActiveCfg = Release|Any CPU
		{588ACD2B-538F-4BAF-8BA7-B188CAE55773}.Release|Any CPU.Build.0 = Release|Any CPU
		{695F524F-CBAA-4D36-84C4-26722757CDDA}.Debug|Any CPU.ActiveCfg = Debug|Any CPU
		{695F524F-CBAA-4D36-84C4-26722757CDDA}.Debug|Any CPU.Build.0 = Debug|Any CPU
		{695F524F-CBAA-4D36-84C4-26722757CDDA}.Release|Any CPU.ActiveCfg = Release|Any CPU
		{695F524F-CBAA-4D36-84C4-26722757CDDA}.Release|Any CPU.Build.0 = Release|Any CPU
		{7CEC3D72-9606-4470-86FD-1E245700AC20}.Debug|Any CPU.ActiveCfg = Debug|Any CPU
		{7CEC3D72-9606-4470-86FD-1E245700AC20}.Debug|Any CPU.Build.0 = Debug|Any CPU
		{7CEC3D72-9606-4470-86FD-1E245700AC20}.Release|Any CPU.ActiveCfg = Release|Any CPU
		{7CEC3D72-9606-4470-86FD-1E245700AC20}.Release|Any CPU.Build.0 = Release|Any CPU
		{47510859-69B1-402C-8EB3-04059BD8C0C0}.Debug|Any CPU.ActiveCfg = Debug|Any CPU
		{47510859-69B1-402C-8EB3-04059BD8C0C0}.Debug|Any CPU.Build.0 = Debug|Any CPU
		{47510859-69B1-402C-8EB3-04059BD8C0C0}.Release|Any CPU.ActiveCfg = Release|Any CPU
		{47510859-69B1-402C-8EB3-04059BD8C0C0}.Release|Any CPU.Build.0 = Release|Any CPU
		{B8B65BA9-6D26-45E9-B018-DF410D3C963C}.Debug|Any CPU.ActiveCfg = Debug|Any CPU
		{B8B65BA9-6D26-45E9-B018-DF410D3C963C}.Debug|Any CPU.Build.0 = Debug|Any CPU
		{B8B65BA9-6D26-45E9-B018-DF410D3C963C}.Release|Any CPU.ActiveCfg = Release|Any CPU
		{B8B65BA9-6D26-45E9-B018-DF410D3C963C}.Release|Any CPU.Build.0 = Release|Any CPU
		{D56F07D0-0FB3-4070-B36F-68A74484EB80}.Debug|Any CPU.ActiveCfg = Debug|Any CPU
		{D56F07D0-0FB3-4070-B36F-68A74484EB80}.Debug|Any CPU.Build.0 = Debug|Any CPU
		{D56F07D0-0FB3-4070-B36F-68A74484EB80}.Release|Any CPU.ActiveCfg = Release|Any CPU
		{D56F07D0-0FB3-4070-B36F-68A74484EB80}.Release|Any CPU.Build.0 = Release|Any CPU
		{9A8D9BA6-28E6-4074-A655-ADE70E8FA35E}.Debug|Any CPU.ActiveCfg = Debug|Any CPU
		{9A8D9BA6-28E6-4074-A655-ADE70E8FA35E}.Debug|Any CPU.Build.0 = Debug|Any CPU
		{9A8D9BA6-28E6-4074-A655-ADE70E8FA35E}.Release|Any CPU.ActiveCfg = Release|Any CPU
		{9A8D9BA6-28E6-4074-A655-ADE70E8FA35E}.Release|Any CPU.Build.0 = Release|Any CPU
		{20909D27-E851-4B45-B346-809805EFD193}.Debug|Any CPU.ActiveCfg = Debug|Any CPU
		{20909D27-E851-4B45-B346-809805EFD193}.Debug|Any CPU.Build.0 = Debug|Any CPU
		{20909D27-E851-4B45-B346-809805EFD193}.Release|Any CPU.ActiveCfg = Release|Any CPU
		{20909D27-E851-4B45-B346-809805EFD193}.Release|Any CPU.Build.0 = Release|Any CPU
		{DA8A8BAA-C31A-4A14-A39A-07D4544E1D2B}.Debug|Any CPU.ActiveCfg = Debug|Any CPU
		{DA8A8BAA-C31A-4A14-A39A-07D4544E1D2B}.Debug|Any CPU.Build.0 = Debug|Any CPU
		{DA8A8BAA-C31A-4A14-A39A-07D4544E1D2B}.Release|Any CPU.ActiveCfg = Release|Any CPU
		{DA8A8BAA-C31A-4A14-A39A-07D4544E1D2B}.Release|Any CPU.Build.0 = Release|Any CPU
		{63D0D288-C885-4157-B1BA-3FCD1A5903B7}.Debug|Any CPU.ActiveCfg = Debug|Any CPU
		{63D0D288-C885-4157-B1BA-3FCD1A5903B7}.Debug|Any CPU.Build.0 = Debug|Any CPU
		{63D0D288-C885-4157-B1BA-3FCD1A5903B7}.Release|Any CPU.ActiveCfg = Release|Any CPU
		{63D0D288-C885-4157-B1BA-3FCD1A5903B7}.Release|Any CPU.Build.0 = Release|Any CPU
		{71FD3F9A-AC30-4DFA-BA40-E02E91C5EAF9}.Debug|Any CPU.ActiveCfg = Debug|Any CPU
		{71FD3F9A-AC30-4DFA-BA40-E02E91C5EAF9}.Debug|Any CPU.Build.0 = Debug|Any CPU
		{71FD3F9A-AC30-4DFA-BA40-E02E91C5EAF9}.Release|Any CPU.ActiveCfg = Release|Any CPU
		{71FD3F9A-AC30-4DFA-BA40-E02E91C5EAF9}.Release|Any CPU.Build.0 = Release|Any CPU
		{6B7C0222-6362-418D-BA73-E6006C0428DE}.Debug|Any CPU.ActiveCfg = Debug|Any CPU
		{6B7C0222-6362-418D-BA73-E6006C0428DE}.Debug|Any CPU.Build.0 = Debug|Any CPU
		{6B7C0222-6362-418D-BA73-E6006C0428DE}.Release|Any CPU.ActiveCfg = Release|Any CPU
		{6B7C0222-6362-418D-BA73-E6006C0428DE}.Release|Any CPU.Build.0 = Release|Any CPU
		{3A0CEE35-993A-4122-A3D2-50B4A89E60B9}.Debug|Any CPU.ActiveCfg = Debug|Any CPU
		{3A0CEE35-993A-4122-A3D2-50B4A89E60B9}.Debug|Any CPU.Build.0 = Debug|Any CPU
		{3A0CEE35-993A-4122-A3D2-50B4A89E60B9}.Release|Any CPU.ActiveCfg = Release|Any CPU
		{3A0CEE35-993A-4122-A3D2-50B4A89E60B9}.Release|Any CPU.Build.0 = Release|Any CPU
		{10C0547B-FDBF-4356-9382-1393030DF1AA}.Debug|Any CPU.ActiveCfg = Debug|Any CPU
		{10C0547B-FDBF-4356-9382-1393030DF1AA}.Debug|Any CPU.Build.0 = Debug|Any CPU
		{10C0547B-FDBF-4356-9382-1393030DF1AA}.Release|Any CPU.ActiveCfg = Release|Any CPU
		{10C0547B-FDBF-4356-9382-1393030DF1AA}.Release|Any CPU.Build.0 = Release|Any CPU
		{2F693055-3440-4084-AA5E-11DEEE95A4CB}.Debug|Any CPU.ActiveCfg = Debug|Any CPU
		{2F693055-3440-4084-AA5E-11DEEE95A4CB}.Debug|Any CPU.Build.0 = Debug|Any CPU
		{2F693055-3440-4084-AA5E-11DEEE95A4CB}.Release|Any CPU.ActiveCfg = Release|Any CPU
		{2F693055-3440-4084-AA5E-11DEEE95A4CB}.Release|Any CPU.Build.0 = Release|Any CPU
		{DE8FC8C5-50C8-4C39-96D6-76418073695D}.Debug|Any CPU.ActiveCfg = Debug|Any CPU
		{DE8FC8C5-50C8-4C39-96D6-76418073695D}.Debug|Any CPU.Build.0 = Debug|Any CPU
		{DE8FC8C5-50C8-4C39-96D6-76418073695D}.Release|Any CPU.ActiveCfg = Release|Any CPU
		{DE8FC8C5-50C8-4C39-96D6-76418073695D}.Release|Any CPU.Build.0 = Release|Any CPU
		{0940E195-75C0-4CCC-9A43-AB9E19B03F2E}.Debug|Any CPU.ActiveCfg = Debug|Any CPU
		{0940E195-75C0-4CCC-9A43-AB9E19B03F2E}.Debug|Any CPU.Build.0 = Debug|Any CPU
		{0940E195-75C0-4CCC-9A43-AB9E19B03F2E}.Release|Any CPU.ActiveCfg = Release|Any CPU
		{0940E195-75C0-4CCC-9A43-AB9E19B03F2E}.Release|Any CPU.Build.0 = Release|Any CPU
		{B9DFAE7F-0A53-43DC-B5BE-0057EDFABB4E}.Debug|Any CPU.ActiveCfg = Debug|Any CPU
		{B9DFAE7F-0A53-43DC-B5BE-0057EDFABB4E}.Debug|Any CPU.Build.0 = Debug|Any CPU
		{B9DFAE7F-0A53-43DC-B5BE-0057EDFABB4E}.Release|Any CPU.ActiveCfg = Release|Any CPU
		{B9DFAE7F-0A53-43DC-B5BE-0057EDFABB4E}.Release|Any CPU.Build.0 = Release|Any CPU
	EndGlobalSection
	GlobalSection(SolutionProperties) = preSolution
		HideSolutionNode = FALSE
	EndGlobalSection
	GlobalSection(ExtensibilityGlobals) = postSolution
		SolutionGuid = {76CF9D3F-8F1E-47F5-BE84-D7B16192D137}
	EndGlobalSection
EndGlobal
