
Microsoft Visual Studio Solution File, Format Version 12.00
# Visual Studio 15
VisualStudioVersion = 15.0.26730.12
MinimumVisualStudioVersion = 10.0.40219.1
Project("{FAE04EC0-301F-11D3-BF4B-00C04F79EFBC}") = "numbers to 1000 ending to 7", "ConsoleApp1\numbers to 1000 ending to 7.csproj", "{C1A4ACB6-F429-49A9-9792-5C2B5025C4AE}"
EndProject
Project("{FAE04EC0-301F-11D3-BF4B-00C04F79EFBC}") = "Numbers from 1 to 100", "Numbers from 1 to 100\Numbers from 1 to 100.csproj", "{58890B5E-45DB-4BB0-B2C4-9528D373A6BB}"
EndProject
Project("{FAE04EC0-301F-11D3-BF4B-00C04F79EFBC}") = "letters from a to z", "letters from a to z\letters from a to z.csproj", "{1424D71F-F94D-4719-B091-1394EB9197A0}"
EndProject
Project("{FAE04EC0-301F-11D3-BF4B-00C04F79EFBC}") = "sum of numbers", "sum of numbers\sum of numbers.csproj", "{B242292C-F875-4BE7-8B61-2130EC0B2CB5}"
EndProject
Project("{FAE04EC0-301F-11D3-BF4B-00C04F79EFBC}") = "Max Number", "Max Number\Max Number.csproj", "{959286F5-5743-4826-ADB4-95F7B8A2B9C9}"
EndProject
Project("{FAE04EC0-301F-11D3-BF4B-00C04F79EFBC}") = "equal pairs gotova 100100 ne moq za proverka", "proba greshka\equal pairs gotova 100100 ne moq za proverka.csproj", "{A704D9F4-8667-48F9-A62B-C04CB4AA0E79}"
EndProject
Project("{FAE04EC0-301F-11D3-BF4B-00C04F79EFBC}") = "Min number", "Min number\Min number.csproj", "{61EEEF98-D1B6-446A-A52B-CE0B7FFDFB1D}"
EndProject
Project("{FAE04EC0-301F-11D3-BF4B-00C04F79EFBC}") = "Left and Right sum", "Left and Right sum\Left and Right sum.csproj", "{A8FA59F7-1952-4122-A6C6-3FEE71CE137B}"
EndProject
Project("{FAE04EC0-301F-11D3-BF4B-00C04F79EFBC}") = "odd even sum", "odd even sum\odd even sum.csproj", "{78F92C9E-92CA-4450-B390-57C3388FC7B8}"
EndProject
Project("{FAE04EC0-301F-11D3-BF4B-00C04F79EFBC}") = "vowels sum", "vowels sum\vowels sum.csproj", "{D5E0193D-4170-45F6-8D46-085D9ACA9FAB}"
EndProject
Project("{FAE04EC0-301F-11D3-BF4B-00C04F79EFBC}") = "half sum element", "half sum element\half sum element.csproj", "{51F453DD-2174-467E-B130-748969242D5D}"
EndProject
Project("{FAE04EC0-301F-11D3-BF4B-00C04F79EFBC}") = "Odd even posion", "Odd even posion2\Odd even posion.csproj", "{AC10CE18-52D1-424E-911C-74B5532FF2CE}"
EndProject
Project("{FAE04EC0-301F-11D3-BF4B-00C04F79EFBC}") = "Equals pairs", "Equals pairs\Equals pairs.csproj", "{355E942D-50D7-4327-B544-B74167CD08D2}"
EndProject
Project("{FAE04EC0-301F-11D3-BF4B-00C04F79EFBC}") = "proba greshka2", "proba greshka2\proba greshka2.csproj", "{8FD27CF4-B7BC-42C8-826E-32B908DA715C}"
EndProject
Project("{FAE04EC0-301F-11D3-BF4B-00C04F79EFBC}") = "Left Sum Right Sum second method by Nakov teachers book", "Left Sum Right Sum second method by Nakov teachers book\Left Sum Right Sum second method by Nakov teachers book.csproj", "{36CF3C06-DC14-4E2E-B07B-D6F98342B59A}"
EndProject
Project("{FAE04EC0-301F-11D3-BF4B-00C04F79EFBC}") = "GRANDPA STAVRI", "GRANDPA STAVRI\GRANDPA STAVRI.csproj", "{9DEF3F6D-B954-4669-A375-6D2C35BE561C}"
EndProject
Project("{FAE04EC0-301F-11D3-BF4B-00C04F79EFBC}") = "CAKE", "CAKE\CAKE.csproj", "{20E42FB2-A390-406D-BFDD-367EA63CAEBA}"
EndProject
Project("{FAE04EC0-301F-11D3-BF4B-00C04F79EFBC}") = "ENERGY LOSS", "ENERGY LOSS\ENERGY LOSS.csproj", "{946E09BA-4C46-4295-8C14-32B130AB7134}"
EndProject
Project("{FAE04EC0-301F-11D3-BF4B-00C04F79EFBC}") = "MONEY AWARD", "MONEY AWARD\MONEY AWARD.csproj", "{5A9E4C87-DEE8-4233-88ED-AD6AF79FB4DA}"
EndProject
Project("{FAE04EC0-301F-11D3-BF4B-00C04F79EFBC}") = "FOOTBALL LEAGUE", "FOOTBALL LEAGUE\FOOTBALL LEAGUE.csproj", "{892139CC-B750-4606-944F-0135781B59CE}"
EndProject
Project("{FAE04EC0-301F-11D3-BF4B-00C04F79EFBC}") = "HISTOGRAM", "HISTOGRAM\HISTOGRAM.csproj", "{C4A318C5-E34E-4E07-9E33-5B2AEE99774E}"
EndProject
Project("{FAE04EC0-301F-11D3-BF4B-00C04F79EFBC}") = "SMART LILLY", "SMART LILLY\SMART LILLY.csproj", "{FD983B7F-9B19-4E34-8BF1-1E6FB7F05EB7}"
EndProject
Project("{FAE04EC0-301F-11D3-BF4B-00C04F79EFBC}") = "BACK TO THE PAST", "BACK TO THE PAST\BACK TO THE PAST.csproj", "{7BFF992E-27AE-472C-B305-8AA10BBB963E}"
EndProject
Project("{FAE04EC0-301F-11D3-BF4B-00C04F79EFBC}") = "HOSPITAL", "HOSPITAL\HOSPITAL.csproj", "{236F09DB-6C46-47AF-B706-20E0FE0BFFA4}"
EndProject
Project("{FAE04EC0-301F-11D3-BF4B-00C04F79EFBC}") = "DIVISION", "DIVISION\DIVISION.csproj", "{DB70D803-2479-4F88-BF3A-F047757531C0}"
EndProject
Project("{FAE04EC0-301F-11D3-BF4B-00C04F79EFBC}") = "LOGISTICS", "LOGISTICS\LOGISTICS.csproj", "{33673BE8-00E8-436F-94FF-A65489EA0424}"
EndProject
Global
	GlobalSection(SolutionConfigurationPlatforms) = preSolution
		Debug|Any CPU = Debug|Any CPU
		Release|Any CPU = Release|Any CPU
	EndGlobalSection
	GlobalSection(ProjectConfigurationPlatforms) = postSolution
		{C1A4ACB6-F429-49A9-9792-5C2B5025C4AE}.Debug|Any CPU.ActiveCfg = Debug|Any CPU
		{C1A4ACB6-F429-49A9-9792-5C2B5025C4AE}.Debug|Any CPU.Build.0 = Debug|Any CPU
		{C1A4ACB6-F429-49A9-9792-5C2B5025C4AE}.Release|Any CPU.ActiveCfg = Release|Any CPU
		{C1A4ACB6-F429-49A9-9792-5C2B5025C4AE}.Release|Any CPU.Build.0 = Release|Any CPU
		{58890B5E-45DB-4BB0-B2C4-9528D373A6BB}.Debug|Any CPU.ActiveCfg = Debug|Any CPU
		{58890B5E-45DB-4BB0-B2C4-9528D373A6BB}.Debug|Any CPU.Build.0 = Debug|Any CPU
		{58890B5E-45DB-4BB0-B2C4-9528D373A6BB}.Release|Any CPU.ActiveCfg = Release|Any CPU
		{58890B5E-45DB-4BB0-B2C4-9528D373A6BB}.Release|Any CPU.Build.0 = Release|Any CPU
		{1424D71F-F94D-4719-B091-1394EB9197A0}.Debug|Any CPU.ActiveCfg = Debug|Any CPU
		{1424D71F-F94D-4719-B091-1394EB9197A0}.Debug|Any CPU.Build.0 = Debug|Any CPU
		{1424D71F-F94D-4719-B091-1394EB9197A0}.Release|Any CPU.ActiveCfg = Release|Any CPU
		{1424D71F-F94D-4719-B091-1394EB9197A0}.Release|Any CPU.Build.0 = Release|Any CPU
		{B242292C-F875-4BE7-8B61-2130EC0B2CB5}.Debug|Any CPU.ActiveCfg = Debug|Any CPU
		{B242292C-F875-4BE7-8B61-2130EC0B2CB5}.Debug|Any CPU.Build.0 = Debug|Any CPU
		{B242292C-F875-4BE7-8B61-2130EC0B2CB5}.Release|Any CPU.ActiveCfg = Release|Any CPU
		{B242292C-F875-4BE7-8B61-2130EC0B2CB5}.Release|Any CPU.Build.0 = Release|Any CPU
		{959286F5-5743-4826-ADB4-95F7B8A2B9C9}.Debug|Any CPU.ActiveCfg = Debug|Any CPU
		{959286F5-5743-4826-ADB4-95F7B8A2B9C9}.Debug|Any CPU.Build.0 = Debug|Any CPU
		{959286F5-5743-4826-ADB4-95F7B8A2B9C9}.Release|Any CPU.ActiveCfg = Release|Any CPU
		{959286F5-5743-4826-ADB4-95F7B8A2B9C9}.Release|Any CPU.Build.0 = Release|Any CPU
		{A704D9F4-8667-48F9-A62B-C04CB4AA0E79}.Debug|Any CPU.ActiveCfg = Debug|Any CPU
		{A704D9F4-8667-48F9-A62B-C04CB4AA0E79}.Debug|Any CPU.Build.0 = Debug|Any CPU
		{A704D9F4-8667-48F9-A62B-C04CB4AA0E79}.Release|Any CPU.ActiveCfg = Release|Any CPU
		{A704D9F4-8667-48F9-A62B-C04CB4AA0E79}.Release|Any CPU.Build.0 = Release|Any CPU
		{61EEEF98-D1B6-446A-A52B-CE0B7FFDFB1D}.Debug|Any CPU.ActiveCfg = Debug|Any CPU
		{61EEEF98-D1B6-446A-A52B-CE0B7FFDFB1D}.Debug|Any CPU.Build.0 = Debug|Any CPU
		{61EEEF98-D1B6-446A-A52B-CE0B7FFDFB1D}.Release|Any CPU.ActiveCfg = Release|Any CPU
		{61EEEF98-D1B6-446A-A52B-CE0B7FFDFB1D}.Release|Any CPU.Build.0 = Release|Any CPU
		{A8FA59F7-1952-4122-A6C6-3FEE71CE137B}.Debug|Any CPU.ActiveCfg = Debug|Any CPU
		{A8FA59F7-1952-4122-A6C6-3FEE71CE137B}.Debug|Any CPU.Build.0 = Debug|Any CPU
		{A8FA59F7-1952-4122-A6C6-3FEE71CE137B}.Release|Any CPU.ActiveCfg = Release|Any CPU
		{A8FA59F7-1952-4122-A6C6-3FEE71CE137B}.Release|Any CPU.Build.0 = Release|Any CPU
		{78F92C9E-92CA-4450-B390-57C3388FC7B8}.Debug|Any CPU.ActiveCfg = Debug|Any CPU
		{78F92C9E-92CA-4450-B390-57C3388FC7B8}.Debug|Any CPU.Build.0 = Debug|Any CPU
		{78F92C9E-92CA-4450-B390-57C3388FC7B8}.Release|Any CPU.ActiveCfg = Release|Any CPU
		{78F92C9E-92CA-4450-B390-57C3388FC7B8}.Release|Any CPU.Build.0 = Release|Any CPU
		{D5E0193D-4170-45F6-8D46-085D9ACA9FAB}.Debug|Any CPU.ActiveCfg = Debug|Any CPU
		{D5E0193D-4170-45F6-8D46-085D9ACA9FAB}.Debug|Any CPU.Build.0 = Debug|Any CPU
		{D5E0193D-4170-45F6-8D46-085D9ACA9FAB}.Release|Any CPU.ActiveCfg = Release|Any CPU
		{D5E0193D-4170-45F6-8D46-085D9ACA9FAB}.Release|Any CPU.Build.0 = Release|Any CPU
		{51F453DD-2174-467E-B130-748969242D5D}.Debug|Any CPU.ActiveCfg = Debug|Any CPU
		{51F453DD-2174-467E-B130-748969242D5D}.Debug|Any CPU.Build.0 = Debug|Any CPU
		{51F453DD-2174-467E-B130-748969242D5D}.Release|Any CPU.ActiveCfg = Release|Any CPU
		{51F453DD-2174-467E-B130-748969242D5D}.Release|Any CPU.Build.0 = Release|Any CPU
		{AC10CE18-52D1-424E-911C-74B5532FF2CE}.Debug|Any CPU.ActiveCfg = Debug|Any CPU
		{AC10CE18-52D1-424E-911C-74B5532FF2CE}.Debug|Any CPU.Build.0 = Debug|Any CPU
		{AC10CE18-52D1-424E-911C-74B5532FF2CE}.Release|Any CPU.ActiveCfg = Release|Any CPU
		{AC10CE18-52D1-424E-911C-74B5532FF2CE}.Release|Any CPU.Build.0 = Release|Any CPU
		{355E942D-50D7-4327-B544-B74167CD08D2}.Debug|Any CPU.ActiveCfg = Debug|Any CPU
		{355E942D-50D7-4327-B544-B74167CD08D2}.Debug|Any CPU.Build.0 = Debug|Any CPU
		{355E942D-50D7-4327-B544-B74167CD08D2}.Release|Any CPU.ActiveCfg = Release|Any CPU
		{355E942D-50D7-4327-B544-B74167CD08D2}.Release|Any CPU.Build.0 = Release|Any CPU
		{8FD27CF4-B7BC-42C8-826E-32B908DA715C}.Debug|Any CPU.ActiveCfg = Debug|Any CPU
		{8FD27CF4-B7BC-42C8-826E-32B908DA715C}.Debug|Any CPU.Build.0 = Debug|Any CPU
		{8FD27CF4-B7BC-42C8-826E-32B908DA715C}.Release|Any CPU.ActiveCfg = Release|Any CPU
		{8FD27CF4-B7BC-42C8-826E-32B908DA715C}.Release|Any CPU.Build.0 = Release|Any CPU
		{36CF3C06-DC14-4E2E-B07B-D6F98342B59A}.Debug|Any CPU.ActiveCfg = Debug|Any CPU
		{36CF3C06-DC14-4E2E-B07B-D6F98342B59A}.Debug|Any CPU.Build.0 = Debug|Any CPU
		{36CF3C06-DC14-4E2E-B07B-D6F98342B59A}.Release|Any CPU.ActiveCfg = Release|Any CPU
		{36CF3C06-DC14-4E2E-B07B-D6F98342B59A}.Release|Any CPU.Build.0 = Release|Any CPU
		{9DEF3F6D-B954-4669-A375-6D2C35BE561C}.Debug|Any CPU.ActiveCfg = Debug|Any CPU
		{9DEF3F6D-B954-4669-A375-6D2C35BE561C}.Debug|Any CPU.Build.0 = Debug|Any CPU
		{9DEF3F6D-B954-4669-A375-6D2C35BE561C}.Release|Any CPU.ActiveCfg = Release|Any CPU
		{9DEF3F6D-B954-4669-A375-6D2C35BE561C}.Release|Any CPU.Build.0 = Release|Any CPU
		{20E42FB2-A390-406D-BFDD-367EA63CAEBA}.Debug|Any CPU.ActiveCfg = Debug|Any CPU
		{20E42FB2-A390-406D-BFDD-367EA63CAEBA}.Debug|Any CPU.Build.0 = Debug|Any CPU
		{20E42FB2-A390-406D-BFDD-367EA63CAEBA}.Release|Any CPU.ActiveCfg = Release|Any CPU
		{20E42FB2-A390-406D-BFDD-367EA63CAEBA}.Release|Any CPU.Build.0 = Release|Any CPU
		{946E09BA-4C46-4295-8C14-32B130AB7134}.Debug|Any CPU.ActiveCfg = Debug|Any CPU
		{946E09BA-4C46-4295-8C14-32B130AB7134}.Debug|Any CPU.Build.0 = Debug|Any CPU
		{946E09BA-4C46-4295-8C14-32B130AB7134}.Release|Any CPU.ActiveCfg = Release|Any CPU
		{946E09BA-4C46-4295-8C14-32B130AB7134}.Release|Any CPU.Build.0 = Release|Any CPU
		{5A9E4C87-DEE8-4233-88ED-AD6AF79FB4DA}.Debug|Any CPU.ActiveCfg = Debug|Any CPU
		{5A9E4C87-DEE8-4233-88ED-AD6AF79FB4DA}.Debug|Any CPU.Build.0 = Debug|Any CPU
		{5A9E4C87-DEE8-4233-88ED-AD6AF79FB4DA}.Release|Any CPU.ActiveCfg = Release|Any CPU
		{5A9E4C87-DEE8-4233-88ED-AD6AF79FB4DA}.Release|Any CPU.Build.0 = Release|Any CPU
		{892139CC-B750-4606-944F-0135781B59CE}.Debug|Any CPU.ActiveCfg = Debug|Any CPU
		{892139CC-B750-4606-944F-0135781B59CE}.Debug|Any CPU.Build.0 = Debug|Any CPU
		{892139CC-B750-4606-944F-0135781B59CE}.Release|Any CPU.ActiveCfg = Release|Any CPU
		{892139CC-B750-4606-944F-0135781B59CE}.Release|Any CPU.Build.0 = Release|Any CPU
		{C4A318C5-E34E-4E07-9E33-5B2AEE99774E}.Debug|Any CPU.ActiveCfg = Debug|Any CPU
		{C4A318C5-E34E-4E07-9E33-5B2AEE99774E}.Debug|Any CPU.Build.0 = Debug|Any CPU
		{C4A318C5-E34E-4E07-9E33-5B2AEE99774E}.Release|Any CPU.ActiveCfg = Release|Any CPU
		{C4A318C5-E34E-4E07-9E33-5B2AEE99774E}.Release|Any CPU.Build.0 = Release|Any CPU
		{FD983B7F-9B19-4E34-8BF1-1E6FB7F05EB7}.Debug|Any CPU.ActiveCfg = Debug|Any CPU
		{FD983B7F-9B19-4E34-8BF1-1E6FB7F05EB7}.Debug|Any CPU.Build.0 = Debug|Any CPU
		{FD983B7F-9B19-4E34-8BF1-1E6FB7F05EB7}.Release|Any CPU.ActiveCfg = Release|Any CPU
		{FD983B7F-9B19-4E34-8BF1-1E6FB7F05EB7}.Release|Any CPU.Build.0 = Release|Any CPU
		{7BFF992E-27AE-472C-B305-8AA10BBB963E}.Debug|Any CPU.ActiveCfg = Debug|Any CPU
		{7BFF992E-27AE-472C-B305-8AA10BBB963E}.Debug|Any CPU.Build.0 = Debug|Any CPU
		{7BFF992E-27AE-472C-B305-8AA10BBB963E}.Release|Any CPU.ActiveCfg = Release|Any CPU
		{7BFF992E-27AE-472C-B305-8AA10BBB963E}.Release|Any CPU.Build.0 = Release|Any CPU
		{236F09DB-6C46-47AF-B706-20E0FE0BFFA4}.Debug|Any CPU.ActiveCfg = Debug|Any CPU
		{236F09DB-6C46-47AF-B706-20E0FE0BFFA4}.Debug|Any CPU.Build.0 = Debug|Any CPU
		{236F09DB-6C46-47AF-B706-20E0FE0BFFA4}.Release|Any CPU.ActiveCfg = Release|Any CPU
		{236F09DB-6C46-47AF-B706-20E0FE0BFFA4}.Release|Any CPU.Build.0 = Release|Any CPU
		{DB70D803-2479-4F88-BF3A-F047757531C0}.Debug|Any CPU.ActiveCfg = Debug|Any CPU
		{DB70D803-2479-4F88-BF3A-F047757531C0}.Debug|Any CPU.Build.0 = Debug|Any CPU
		{DB70D803-2479-4F88-BF3A-F047757531C0}.Release|Any CPU.ActiveCfg = Release|Any CPU
		{DB70D803-2479-4F88-BF3A-F047757531C0}.Release|Any CPU.Build.0 = Release|Any CPU
		{33673BE8-00E8-436F-94FF-A65489EA0424}.Debug|Any CPU.ActiveCfg = Debug|Any CPU
		{33673BE8-00E8-436F-94FF-A65489EA0424}.Debug|Any CPU.Build.0 = Debug|Any CPU
		{33673BE8-00E8-436F-94FF-A65489EA0424}.Release|Any CPU.ActiveCfg = Release|Any CPU
		{33673BE8-00E8-436F-94FF-A65489EA0424}.Release|Any CPU.Build.0 = Release|Any CPU
	EndGlobalSection
	GlobalSection(SolutionProperties) = preSolution
		HideSolutionNode = FALSE
	EndGlobalSection
	GlobalSection(ExtensibilityGlobals) = postSolution
		SolutionGuid = {08EC087E-49BD-4C72-A29A-20E1D59EC27B}
	EndGlobalSection
EndGlobal
