
Microsoft Visual Studio Solution File, Format Version 12.00
# Visual Studio 15
VisualStudioVersion = 15.0.26730.12
MinimumVisualStudioVersion = 10.0.40219.1
Project("{FAE04EC0-301F-11D3-BF4B-00C04F79EFBC}") = "rectangle 10 10 stars", "proba greshka\rectangle 10 10 stars.csproj", "{0AB55A17-C6CF-4D71-894C-076B49190648}"
EndProject
Project("{FAE04EC0-301F-11D3-BF4B-00C04F79EFBC}") = "rectabgle n n stars", "rectabgle n n stars\rectabgle n n stars.csproj", "{11FB126F-263B-4ECA-9A74-A416935733F7}"
EndProject
Project("{FAE04EC0-301F-11D3-BF4B-00C04F79EFBC}") = "square n n stars", "square n n stars\square n n stars.csproj", "{4351C590-CCF5-4FE6-A6A3-F66F8187ED4E}"
EndProject
Project("{FAE04EC0-301F-11D3-BF4B-00C04F79EFBC}") = "triangle from dollars", "triangle from dollars\triangle from dollars.csproj", "{BD08FA3E-70F3-4E2F-A2EC-EF6196DE575E}"
EndProject
Project("{FAE04EC0-301F-11D3-BF4B-00C04F79EFBC}") = "square frame", "square frame\square frame.csproj", "{ED0C288E-B317-4DD1-88BD-6DC59310844C}"
EndProject
Project("{FAE04EC0-301F-11D3-BF4B-00C04F79EFBC}") = "rhombus of strars", "rhombus of strars\rhombus of strars.csproj", "{EC32C26B-D7DA-4D0C-8DC2-E4DE4162E049}"
EndProject
Project("{FAE04EC0-301F-11D3-BF4B-00C04F79EFBC}") = "christmas tree", "christmas tree\christmas tree.csproj", "{A2ABAF7A-363F-4578-9B46-F33677381DF7}"
EndProject
Project("{FAE04EC0-301F-11D3-BF4B-00C04F79EFBC}") = "christmas tree 2", "christmas tree 2\christmas tree 2.csproj", "{D3F4A948-CE86-49D9-9B7F-8AACBF27C272}"
EndProject
Project("{FAE04EC0-301F-11D3-BF4B-00C04F79EFBC}") = "sunglaces", "sunglaces\sunglaces.csproj", "{7C1258A0-B5C4-407D-B812-6AC2B2FA9331}"
EndProject
Project("{FAE04EC0-301F-11D3-BF4B-00C04F79EFBC}") = "house", "house\house.csproj", "{CA29E694-8495-4FD1-B618-4EC68311C3D8}"
EndProject
Project("{FAE04EC0-301F-11D3-BF4B-00C04F79EFBC}") = "sunglasses 2", "sunglasses 2\sunglasses 2.csproj", "{3603A092-7CAE-493F-BC02-A6C5269D8A75}"
EndProject
Project("{FAE04EC0-301F-11D3-BF4B-00C04F79EFBC}") = "diamond", "diamand\diamond.csproj", "{DAEE0F50-88B9-4562-85D2-9342181BF4C7}"
EndProject
Project("{FAE04EC0-301F-11D3-BF4B-00C04F79EFBC}") = "ARROW2", "proba greshka 2\ARROW2.csproj", "{7AB665BF-E52B-4CA0-9ECE-86478C8EE851}"
EndProject
Project("{FAE04EC0-301F-11D3-BF4B-00C04F79EFBC}") = "CASTLE", "CASTLE\CASTLE.csproj", "{B0B86960-C9BE-4111-901C-5485A219274D}"
EndProject
Project("{FAE04EC0-301F-11D3-BF4B-00C04F79EFBC}") = "BUTTERFLY", "BUTTERFLY\BUTTERFLY.csproj", "{33EC0B58-60D6-4A2C-966A-AF58CF183DBB}"
EndProject
Project("{FAE04EC0-301F-11D3-BF4B-00C04F79EFBC}") = "SIGN STOP", "SIGN STOP\SIGN STOP.csproj", "{6BC059E1-33C9-428F-B92F-0F8DC0F915DE}"
EndProject
Project("{FAE04EC0-301F-11D3-BF4B-00C04F79EFBC}") = "CUP", "CUP\CUP.csproj", "{A760E6E8-5D58-4DFB-982F-677DEA0D7EC9}"
EndProject
Project("{FAE04EC0-301F-11D3-BF4B-00C04F79EFBC}") = "TRIANGLE", "TRIANGLE\TRIANGLE.csproj", "{A76457B4-F601-4330-8BED-BACA788F763B}"
EndProject
Project("{FAE04EC0-301F-11D3-BF4B-00C04F79EFBC}") = "SHERIF", "SHERIF\SHERIF.csproj", "{3911F465-3DAD-45A5-A36B-46451557FF19}"
EndProject
Project("{FAE04EC0-301F-11D3-BF4B-00C04F79EFBC}") = "CROWN", "CROWN\CROWN.csproj", "{B85AAD93-8B45-4E1D-948C-ECEFBECF0EE3}"
EndProject
Project("{FAE04EC0-301F-11D3-BF4B-00C04F79EFBC}") = "DRAW FORT", "DRAW FORT\DRAW FORT.csproj", "{988F48D5-461B-40DE-971A-DDA0F9D13814}"
EndProject
Project("{FAE04EC0-301F-11D3-BF4B-00C04F79EFBC}") = "AXE", "proba greshka3\AXE.csproj", "{536DAFC2-B23A-41BF-8705-774C08523BB0}"
EndProject
Project("{FAE04EC0-301F-11D3-BF4B-00C04F79EFBC}") = "Triangle2", "Triangle2\Triangle2.csproj", "{F9CC96DA-8F51-4B97-9D69-9C02C7BE526C}"
EndProject
Project("{FAE04EC0-301F-11D3-BF4B-00C04F79EFBC}") = "proba greshka 11", "proba greshka 11\proba greshka 11.csproj", "{50E88D08-F626-44C3-AED8-8FE2FA80FD9D}"
EndProject
Global
	GlobalSection(SolutionConfigurationPlatforms) = preSolution
		Debug|Any CPU = Debug|Any CPU
		Release|Any CPU = Release|Any CPU
	EndGlobalSection
	GlobalSection(ProjectConfigurationPlatforms) = postSolution
		{0AB55A17-C6CF-4D71-894C-076B49190648}.Debug|Any CPU.ActiveCfg = Debug|Any CPU
		{0AB55A17-C6CF-4D71-894C-076B49190648}.Debug|Any CPU.Build.0 = Debug|Any CPU
		{0AB55A17-C6CF-4D71-894C-076B49190648}.Release|Any CPU.ActiveCfg = Release|Any CPU
		{0AB55A17-C6CF-4D71-894C-076B49190648}.Release|Any CPU.Build.0 = Release|Any CPU
		{11FB126F-263B-4ECA-9A74-A416935733F7}.Debug|Any CPU.ActiveCfg = Debug|Any CPU
		{11FB126F-263B-4ECA-9A74-A416935733F7}.Debug|Any CPU.Build.0 = Debug|Any CPU
		{11FB126F-263B-4ECA-9A74-A416935733F7}.Release|Any CPU.ActiveCfg = Release|Any CPU
		{11FB126F-263B-4ECA-9A74-A416935733F7}.Release|Any CPU.Build.0 = Release|Any CPU
		{4351C590-CCF5-4FE6-A6A3-F66F8187ED4E}.Debug|Any CPU.ActiveCfg = Debug|Any CPU
		{4351C590-CCF5-4FE6-A6A3-F66F8187ED4E}.Debug|Any CPU.Build.0 = Debug|Any CPU
		{4351C590-CCF5-4FE6-A6A3-F66F8187ED4E}.Release|Any CPU.ActiveCfg = Release|Any CPU
		{4351C590-CCF5-4FE6-A6A3-F66F8187ED4E}.Release|Any CPU.Build.0 = Release|Any CPU
		{BD08FA3E-70F3-4E2F-A2EC-EF6196DE575E}.Debug|Any CPU.ActiveCfg = Debug|Any CPU
		{BD08FA3E-70F3-4E2F-A2EC-EF6196DE575E}.Debug|Any CPU.Build.0 = Debug|Any CPU
		{BD08FA3E-70F3-4E2F-A2EC-EF6196DE575E}.Release|Any CPU.ActiveCfg = Release|Any CPU
		{BD08FA3E-70F3-4E2F-A2EC-EF6196DE575E}.Release|Any CPU.Build.0 = Release|Any CPU
		{ED0C288E-B317-4DD1-88BD-6DC59310844C}.Debug|Any CPU.ActiveCfg = Debug|Any CPU
		{ED0C288E-B317-4DD1-88BD-6DC59310844C}.Debug|Any CPU.Build.0 = Debug|Any CPU
		{ED0C288E-B317-4DD1-88BD-6DC59310844C}.Release|Any CPU.ActiveCfg = Release|Any CPU
		{ED0C288E-B317-4DD1-88BD-6DC59310844C}.Release|Any CPU.Build.0 = Release|Any CPU
		{EC32C26B-D7DA-4D0C-8DC2-E4DE4162E049}.Debug|Any CPU.ActiveCfg = Debug|Any CPU
		{EC32C26B-D7DA-4D0C-8DC2-E4DE4162E049}.Debug|Any CPU.Build.0 = Debug|Any CPU
		{EC32C26B-D7DA-4D0C-8DC2-E4DE4162E049}.Release|Any CPU.ActiveCfg = Release|Any CPU
		{EC32C26B-D7DA-4D0C-8DC2-E4DE4162E049}.Release|Any CPU.Build.0 = Release|Any CPU
		{A2ABAF7A-363F-4578-9B46-F33677381DF7}.Debug|Any CPU.ActiveCfg = Debug|Any CPU
		{A2ABAF7A-363F-4578-9B46-F33677381DF7}.Debug|Any CPU.Build.0 = Debug|Any CPU
		{A2ABAF7A-363F-4578-9B46-F33677381DF7}.Release|Any CPU.ActiveCfg = Release|Any CPU
		{A2ABAF7A-363F-4578-9B46-F33677381DF7}.Release|Any CPU.Build.0 = Release|Any CPU
		{D3F4A948-CE86-49D9-9B7F-8AACBF27C272}.Debug|Any CPU.ActiveCfg = Debug|Any CPU
		{D3F4A948-CE86-49D9-9B7F-8AACBF27C272}.Debug|Any CPU.Build.0 = Debug|Any CPU
		{D3F4A948-CE86-49D9-9B7F-8AACBF27C272}.Release|Any CPU.ActiveCfg = Release|Any CPU
		{D3F4A948-CE86-49D9-9B7F-8AACBF27C272}.Release|Any CPU.Build.0 = Release|Any CPU
		{7C1258A0-B5C4-407D-B812-6AC2B2FA9331}.Debug|Any CPU.ActiveCfg = Debug|Any CPU
		{7C1258A0-B5C4-407D-B812-6AC2B2FA9331}.Debug|Any CPU.Build.0 = Debug|Any CPU
		{7C1258A0-B5C4-407D-B812-6AC2B2FA9331}.Release|Any CPU.ActiveCfg = Release|Any CPU
		{7C1258A0-B5C4-407D-B812-6AC2B2FA9331}.Release|Any CPU.Build.0 = Release|Any CPU
		{CA29E694-8495-4FD1-B618-4EC68311C3D8}.Debug|Any CPU.ActiveCfg = Debug|Any CPU
		{CA29E694-8495-4FD1-B618-4EC68311C3D8}.Debug|Any CPU.Build.0 = Debug|Any CPU
		{CA29E694-8495-4FD1-B618-4EC68311C3D8}.Release|Any CPU.ActiveCfg = Release|Any CPU
		{CA29E694-8495-4FD1-B618-4EC68311C3D8}.Release|Any CPU.Build.0 = Release|Any CPU
		{3603A092-7CAE-493F-BC02-A6C5269D8A75}.Debug|Any CPU.ActiveCfg = Debug|Any CPU
		{3603A092-7CAE-493F-BC02-A6C5269D8A75}.Debug|Any CPU.Build.0 = Debug|Any CPU
		{3603A092-7CAE-493F-BC02-A6C5269D8A75}.Release|Any CPU.ActiveCfg = Release|Any CPU
		{3603A092-7CAE-493F-BC02-A6C5269D8A75}.Release|Any CPU.Build.0 = Release|Any CPU
		{DAEE0F50-88B9-4562-85D2-9342181BF4C7}.Debug|Any CPU.ActiveCfg = Debug|Any CPU
		{DAEE0F50-88B9-4562-85D2-9342181BF4C7}.Debug|Any CPU.Build.0 = Debug|Any CPU
		{DAEE0F50-88B9-4562-85D2-9342181BF4C7}.Release|Any CPU.ActiveCfg = Release|Any CPU
		{DAEE0F50-88B9-4562-85D2-9342181BF4C7}.Release|Any CPU.Build.0 = Release|Any CPU
		{7AB665BF-E52B-4CA0-9ECE-86478C8EE851}.Debug|Any CPU.ActiveCfg = Debug|Any CPU
		{7AB665BF-E52B-4CA0-9ECE-86478C8EE851}.Debug|Any CPU.Build.0 = Debug|Any CPU
		{7AB665BF-E52B-4CA0-9ECE-86478C8EE851}.Release|Any CPU.ActiveCfg = Release|Any CPU
		{7AB665BF-E52B-4CA0-9ECE-86478C8EE851}.Release|Any CPU.Build.0 = Release|Any CPU
		{B0B86960-C9BE-4111-901C-5485A219274D}.Debug|Any CPU.ActiveCfg = Debug|Any CPU
		{B0B86960-C9BE-4111-901C-5485A219274D}.Debug|Any CPU.Build.0 = Debug|Any CPU
		{B0B86960-C9BE-4111-901C-5485A219274D}.Release|Any CPU.ActiveCfg = Release|Any CPU
		{B0B86960-C9BE-4111-901C-5485A219274D}.Release|Any CPU.Build.0 = Release|Any CPU
		{33EC0B58-60D6-4A2C-966A-AF58CF183DBB}.Debug|Any CPU.ActiveCfg = Debug|Any CPU
		{33EC0B58-60D6-4A2C-966A-AF58CF183DBB}.Debug|Any CPU.Build.0 = Debug|Any CPU
		{33EC0B58-60D6-4A2C-966A-AF58CF183DBB}.Release|Any CPU.ActiveCfg = Release|Any CPU
		{33EC0B58-60D6-4A2C-966A-AF58CF183DBB}.Release|Any CPU.Build.0 = Release|Any CPU
		{6BC059E1-33C9-428F-B92F-0F8DC0F915DE}.Debug|Any CPU.ActiveCfg = Debug|Any CPU
		{6BC059E1-33C9-428F-B92F-0F8DC0F915DE}.Debug|Any CPU.Build.0 = Debug|Any CPU
		{6BC059E1-33C9-428F-B92F-0F8DC0F915DE}.Release|Any CPU.ActiveCfg = Release|Any CPU
		{6BC059E1-33C9-428F-B92F-0F8DC0F915DE}.Release|Any CPU.Build.0 = Release|Any CPU
		{A760E6E8-5D58-4DFB-982F-677DEA0D7EC9}.Debug|Any CPU.ActiveCfg = Debug|Any CPU
		{A760E6E8-5D58-4DFB-982F-677DEA0D7EC9}.Debug|Any CPU.Build.0 = Debug|Any CPU
		{A760E6E8-5D58-4DFB-982F-677DEA0D7EC9}.Release|Any CPU.ActiveCfg = Release|Any CPU
		{A760E6E8-5D58-4DFB-982F-677DEA0D7EC9}.Release|Any CPU.Build.0 = Release|Any CPU
		{A76457B4-F601-4330-8BED-BACA788F763B}.Debug|Any CPU.ActiveCfg = Debug|Any CPU
		{A76457B4-F601-4330-8BED-BACA788F763B}.Debug|Any CPU.Build.0 = Debug|Any CPU
		{A76457B4-F601-4330-8BED-BACA788F763B}.Release|Any CPU.ActiveCfg = Release|Any CPU
		{A76457B4-F601-4330-8BED-BACA788F763B}.Release|Any CPU.Build.0 = Release|Any CPU
		{3911F465-3DAD-45A5-A36B-46451557FF19}.Debug|Any CPU.ActiveCfg = Debug|Any CPU
		{3911F465-3DAD-45A5-A36B-46451557FF19}.Debug|Any CPU.Build.0 = Debug|Any CPU
		{3911F465-3DAD-45A5-A36B-46451557FF19}.Release|Any CPU.ActiveCfg = Release|Any CPU
		{3911F465-3DAD-45A5-A36B-46451557FF19}.Release|Any CPU.Build.0 = Release|Any CPU
		{B85AAD93-8B45-4E1D-948C-ECEFBECF0EE3}.Debug|Any CPU.ActiveCfg = Debug|Any CPU
		{B85AAD93-8B45-4E1D-948C-ECEFBECF0EE3}.Debug|Any CPU.Build.0 = Debug|Any CPU
		{B85AAD93-8B45-4E1D-948C-ECEFBECF0EE3}.Release|Any CPU.ActiveCfg = Release|Any CPU
		{B85AAD93-8B45-4E1D-948C-ECEFBECF0EE3}.Release|Any CPU.Build.0 = Release|Any CPU
		{988F48D5-461B-40DE-971A-DDA0F9D13814}.Debug|Any CPU.ActiveCfg = Debug|Any CPU
		{988F48D5-461B-40DE-971A-DDA0F9D13814}.Debug|Any CPU.Build.0 = Debug|Any CPU
		{988F48D5-461B-40DE-971A-DDA0F9D13814}.Release|Any CPU.ActiveCfg = Release|Any CPU
		{988F48D5-461B-40DE-971A-DDA0F9D13814}.Release|Any CPU.Build.0 = Release|Any CPU
		{536DAFC2-B23A-41BF-8705-774C08523BB0}.Debug|Any CPU.ActiveCfg = Debug|Any CPU
		{536DAFC2-B23A-41BF-8705-774C08523BB0}.Debug|Any CPU.Build.0 = Debug|Any CPU
		{536DAFC2-B23A-41BF-8705-774C08523BB0}.Release|Any CPU.ActiveCfg = Release|Any CPU
		{536DAFC2-B23A-41BF-8705-774C08523BB0}.Release|Any CPU.Build.0 = Release|Any CPU
		{F9CC96DA-8F51-4B97-9D69-9C02C7BE526C}.Debug|Any CPU.ActiveCfg = Debug|Any CPU
		{F9CC96DA-8F51-4B97-9D69-9C02C7BE526C}.Debug|Any CPU.Build.0 = Debug|Any CPU
		{F9CC96DA-8F51-4B97-9D69-9C02C7BE526C}.Release|Any CPU.ActiveCfg = Release|Any CPU
		{F9CC96DA-8F51-4B97-9D69-9C02C7BE526C}.Release|Any CPU.Build.0 = Release|Any CPU
		{50E88D08-F626-44C3-AED8-8FE2FA80FD9D}.Debug|Any CPU.ActiveCfg = Debug|Any CPU
		{50E88D08-F626-44C3-AED8-8FE2FA80FD9D}.Debug|Any CPU.Build.0 = Debug|Any CPU
		{50E88D08-F626-44C3-AED8-8FE2FA80FD9D}.Release|Any CPU.ActiveCfg = Release|Any CPU
		{50E88D08-F626-44C3-AED8-8FE2FA80FD9D}.Release|Any CPU.Build.0 = Release|Any CPU
	EndGlobalSection
	GlobalSection(SolutionProperties) = preSolution
		HideSolutionNode = FALSE
	EndGlobalSection
	GlobalSection(ExtensibilityGlobals) = postSolution
		SolutionGuid = {B51F4F42-450E-4354-8032-EA7EC71BB5C1}
	EndGlobalSection
EndGlobal
