
Microsoft Visual Studio Solution File, Format Version 12.00
# Visual Studio 15
VisualStudioVersion = 15.0.26730.12
MinimumVisualStudioVersion = 10.0.40219.1
Project("{FAE04EC0-301F-11D3-BF4B-00C04F79EFBC}") = "personal titles", "ConsoleApp1\personal titles.csproj", "{CC70F578-8F13-44FF-A48E-59062968D0F2}"
EndProject
Project("{FAE04EC0-301F-11D3-BF4B-00C04F79EFBC}") = "small shop", "small shop\small shop.csproj", "{4437FC86-A8BF-454A-827A-1F9F51026FBD}"
EndProject
Project("{FAE04EC0-301F-11D3-BF4B-00C04F79EFBC}") = "proba grashka", "proba grashka\proba grashka.csproj", "{8D8D0EC0-4447-418B-8B24-DAB791EA87FE}"
EndProject
Project("{FAE04EC0-301F-11D3-BF4B-00C04F79EFBC}") = "point in rectangle", "point in rectangle\point in rectangle.csproj", "{3AE4FD0E-A40F-4BEC-9089-4CB5A59CD3A3}"
EndProject
Project("{FAE04EC0-301F-11D3-BF4B-00C04F79EFBC}") = "Fruit or vegetable", "Fruit or vegetable\Fruit or vegetable.csproj", "{94BB393B-1B22-4954-8D7D-8A66C215AF1C}"
EndProject
Project("{FAE04EC0-301F-11D3-BF4B-00C04F79EFBC}") = "Invalid number", "Invalid number\Invalid number.csproj", "{675E4A51-8928-483A-A457-256EB9B3AA03}"
EndProject
Project("{FAE04EC0-301F-11D3-BF4B-00C04F79EFBC}") = "Point on rectangle border", "Point on rectangle border\Point on rectangle border.csproj", "{A39C2A59-89B8-4508-B2B7-06F50D7A0695}"
EndProject
Project("{FAE04EC0-301F-11D3-BF4B-00C04F79EFBC}") = "Fruit shop", "Fruit shop\Fruit shop.csproj", "{E913D1FE-3947-4FD6-942C-61AF697FE4B5}"
EndProject
Project("{FAE04EC0-301F-11D3-BF4B-00C04F79EFBC}") = "Trade Comissions", "Trade Comissions\Trade Comissions.csproj", "{DF68A975-6FCD-4620-83AE-2FA71DB8F45D}"
EndProject
Project("{FAE04EC0-301F-11D3-BF4B-00C04F79EFBC}") = "Day of week", "Day of week\Day of week.csproj", "{71E75ACA-841E-44D8-A646-6F74EEF12F3B}"
EndProject
Project("{FAE04EC0-301F-11D3-BF4B-00C04F79EFBC}") = "ON TIME FOR THE EXAM", "ON TIME FOR THE EXAM\ON TIME FOR THE EXAM.csproj", "{08B6189F-3455-4318-9704-310844DF7D27}"
EndProject
Project("{FAE04EC0-301F-11D3-BF4B-00C04F79EFBC}") = "Mobile operators", "Mobile operators\Mobile operators.csproj", "{E0C30840-5230-433D-91F9-8E283007F980}"
EndProject
Project("{FAE04EC0-301F-11D3-BF4B-00C04F79EFBC}") = "Photo Pictures", "Photo Pictures\Photo Pictures.csproj", "{97B45720-0D81-432C-9AA7-A24EB1D7F962}"
EndProject
Project("{FAE04EC0-301F-11D3-BF4B-00C04F79EFBC}") = "Fruit Cocktails", "Fruit Cocktails\Fruit Cocktails.csproj", "{878A67EF-495B-4EFC-8976-9C761160BC4A}"
EndProject
Project("{FAE04EC0-301F-11D3-BF4B-00C04F79EFBC}") = "Point in the figure", "Point in the figure\Point in the figure.csproj", "{B93E7FAB-1DDA-4224-9AA5-D8E8C2D5822D}"
EndProject
Project("{FAE04EC0-301F-11D3-BF4B-00C04F79EFBC}") = "SCHOOL CAMP", "SCHOOL CAMP\SCHOOL CAMP.csproj", "{3D8DF60C-06C5-4E93-9678-CB5944589703}"
EndProject
Project("{FAE04EC0-301F-11D3-BF4B-00C04F79EFBC}") = "FINAL COMPETITION", "FINAL COMPETITION\FINAL COMPETITION.csproj", "{9D91BE00-75E8-4CE8-BF44-0942F2BE5AE7}"
EndProject
Project("{FAE04EC0-301F-11D3-BF4B-00C04F79EFBC}") = "POINT IN THE FIGURE 100OT100", "POINT IN THE FIGURE 100OT100\POINT IN THE FIGURE 100OT100.csproj", "{3E7ADCAF-4D70-4421-9FBC-D907CCCAD527}"
EndProject
Project("{FAE04EC0-301F-11D3-BF4B-00C04F79EFBC}") = "TRIP", "TRIP\TRIP.csproj", "{1AC8D510-1CF7-46B7-A40A-E71FDBBAF88B}"
EndProject
Project("{FAE04EC0-301F-11D3-BF4B-00C04F79EFBC}") = "OPERATIONS", "OPERATIONS\OPERATIONS.csproj", "{0D40EAD4-42BE-40B1-8DC6-01870FA5D395}"
EndProject
Project("{FAE04EC0-301F-11D3-BF4B-00C04F79EFBC}") = "HOTEL ROOM", "HOTEL ROOM\HOTEL ROOM.csproj", "{B2889455-BC64-4BB9-90C8-2F857763C211}"
EndProject
Project("{FAE04EC0-301F-11D3-BF4B-00C04F79EFBC}") = "TICKETS FOR FOOTBALL MATCH", "TICKETS FOR FOOTBALL MATCH\TICKETS FOR FOOTBALL MATCH.csproj", "{DE6261DC-CAC3-4511-8B4A-852975C65111}"
EndProject
Project("{FAE04EC0-301F-11D3-BF4B-00C04F79EFBC}") = "GAME OF INTERVALS", "GAME OF INTERVALS\GAME OF INTERVALS.csproj", "{7D376AC7-420C-4C03-85F1-BD9EA23002C5}"
EndProject
Global
	GlobalSection(SolutionConfigurationPlatforms) = preSolution
		Debug|Any CPU = Debug|Any CPU
		Release|Any CPU = Release|Any CPU
	EndGlobalSection
	GlobalSection(ProjectConfigurationPlatforms) = postSolution
		{CC70F578-8F13-44FF-A48E-59062968D0F2}.Debug|Any CPU.ActiveCfg = Debug|Any CPU
		{CC70F578-8F13-44FF-A48E-59062968D0F2}.Debug|Any CPU.Build.0 = Debug|Any CPU
		{CC70F578-8F13-44FF-A48E-59062968D0F2}.Release|Any CPU.ActiveCfg = Release|Any CPU
		{CC70F578-8F13-44FF-A48E-59062968D0F2}.Release|Any CPU.Build.0 = Release|Any CPU
		{4437FC86-A8BF-454A-827A-1F9F51026FBD}.Debug|Any CPU.ActiveCfg = Debug|Any CPU
		{4437FC86-A8BF-454A-827A-1F9F51026FBD}.Debug|Any CPU.Build.0 = Debug|Any CPU
		{4437FC86-A8BF-454A-827A-1F9F51026FBD}.Release|Any CPU.ActiveCfg = Release|Any CPU
		{4437FC86-A8BF-454A-827A-1F9F51026FBD}.Release|Any CPU.Build.0 = Release|Any CPU
		{8D8D0EC0-4447-418B-8B24-DAB791EA87FE}.Debug|Any CPU.ActiveCfg = Debug|Any CPU
		{8D8D0EC0-4447-418B-8B24-DAB791EA87FE}.Debug|Any CPU.Build.0 = Debug|Any CPU
		{8D8D0EC0-4447-418B-8B24-DAB791EA87FE}.Release|Any CPU.ActiveCfg = Release|Any CPU
		{8D8D0EC0-4447-418B-8B24-DAB791EA87FE}.Release|Any CPU.Build.0 = Release|Any CPU
		{3AE4FD0E-A40F-4BEC-9089-4CB5A59CD3A3}.Debug|Any CPU.ActiveCfg = Debug|Any CPU
		{3AE4FD0E-A40F-4BEC-9089-4CB5A59CD3A3}.Debug|Any CPU.Build.0 = Debug|Any CPU
		{3AE4FD0E-A40F-4BEC-9089-4CB5A59CD3A3}.Release|Any CPU.ActiveCfg = Release|Any CPU
		{3AE4FD0E-A40F-4BEC-9089-4CB5A59CD3A3}.Release|Any CPU.Build.0 = Release|Any CPU
		{94BB393B-1B22-4954-8D7D-8A66C215AF1C}.Debug|Any CPU.ActiveCfg = Debug|Any CPU
		{94BB393B-1B22-4954-8D7D-8A66C215AF1C}.Debug|Any CPU.Build.0 = Debug|Any CPU
		{94BB393B-1B22-4954-8D7D-8A66C215AF1C}.Release|Any CPU.ActiveCfg = Release|Any CPU
		{94BB393B-1B22-4954-8D7D-8A66C215AF1C}.Release|Any CPU.Build.0 = Release|Any CPU
		{675E4A51-8928-483A-A457-256EB9B3AA03}.Debug|Any CPU.ActiveCfg = Debug|Any CPU
		{675E4A51-8928-483A-A457-256EB9B3AA03}.Debug|Any CPU.Build.0 = Debug|Any CPU
		{675E4A51-8928-483A-A457-256EB9B3AA03}.Release|Any CPU.ActiveCfg = Release|Any CPU
		{675E4A51-8928-483A-A457-256EB9B3AA03}.Release|Any CPU.Build.0 = Release|Any CPU
		{A39C2A59-89B8-4508-B2B7-06F50D7A0695}.Debug|Any CPU.ActiveCfg = Debug|Any CPU
		{A39C2A59-89B8-4508-B2B7-06F50D7A0695}.Debug|Any CPU.Build.0 = Debug|Any CPU
		{A39C2A59-89B8-4508-B2B7-06F50D7A0695}.Release|Any CPU.ActiveCfg = Release|Any CPU
		{A39C2A59-89B8-4508-B2B7-06F50D7A0695}.Release|Any CPU.Build.0 = Release|Any CPU
		{E913D1FE-3947-4FD6-942C-61AF697FE4B5}.Debug|Any CPU.ActiveCfg = Debug|Any CPU
		{E913D1FE-3947-4FD6-942C-61AF697FE4B5}.Debug|Any CPU.Build.0 = Debug|Any CPU
		{E913D1FE-3947-4FD6-942C-61AF697FE4B5}.Release|Any CPU.ActiveCfg = Release|Any CPU
		{E913D1FE-3947-4FD6-942C-61AF697FE4B5}.Release|Any CPU.Build.0 = Release|Any CPU
		{DF68A975-6FCD-4620-83AE-2FA71DB8F45D}.Debug|Any CPU.ActiveCfg = Debug|Any CPU
		{DF68A975-6FCD-4620-83AE-2FA71DB8F45D}.Debug|Any CPU.Build.0 = Debug|Any CPU
		{DF68A975-6FCD-4620-83AE-2FA71DB8F45D}.Release|Any CPU.ActiveCfg = Release|Any CPU
		{DF68A975-6FCD-4620-83AE-2FA71DB8F45D}.Release|Any CPU.Build.0 = Release|Any CPU
		{71E75ACA-841E-44D8-A646-6F74EEF12F3B}.Debug|Any CPU.ActiveCfg = Debug|Any CPU
		{71E75ACA-841E-44D8-A646-6F74EEF12F3B}.Debug|Any CPU.Build.0 = Debug|Any CPU
		{71E75ACA-841E-44D8-A646-6F74EEF12F3B}.Release|Any CPU.ActiveCfg = Release|Any CPU
		{71E75ACA-841E-44D8-A646-6F74EEF12F3B}.Release|Any CPU.Build.0 = Release|Any CPU
		{08B6189F-3455-4318-9704-310844DF7D27}.Debug|Any CPU.ActiveCfg = Debug|Any CPU
		{08B6189F-3455-4318-9704-310844DF7D27}.Debug|Any CPU.Build.0 = Debug|Any CPU
		{08B6189F-3455-4318-9704-310844DF7D27}.Release|Any CPU.ActiveCfg = Release|Any CPU
		{08B6189F-3455-4318-9704-310844DF7D27}.Release|Any CPU.Build.0 = Release|Any CPU
		{E0C30840-5230-433D-91F9-8E283007F980}.Debug|Any CPU.ActiveCfg = Debug|Any CPU
		{E0C30840-5230-433D-91F9-8E283007F980}.Debug|Any CPU.Build.0 = Debug|Any CPU
		{E0C30840-5230-433D-91F9-8E283007F980}.Release|Any CPU.ActiveCfg = Release|Any CPU
		{E0C30840-5230-433D-91F9-8E283007F980}.Release|Any CPU.Build.0 = Release|Any CPU
		{97B45720-0D81-432C-9AA7-A24EB1D7F962}.Debug|Any CPU.ActiveCfg = Debug|Any CPU
		{97B45720-0D81-432C-9AA7-A24EB1D7F962}.Debug|Any CPU.Build.0 = Debug|Any CPU
		{97B45720-0D81-432C-9AA7-A24EB1D7F962}.Release|Any CPU.ActiveCfg = Release|Any CPU
		{97B45720-0D81-432C-9AA7-A24EB1D7F962}.Release|Any CPU.Build.0 = Release|Any CPU
		{878A67EF-495B-4EFC-8976-9C761160BC4A}.Debug|Any CPU.ActiveCfg = Debug|Any CPU
		{878A67EF-495B-4EFC-8976-9C761160BC4A}.Debug|Any CPU.Build.0 = Debug|Any CPU
		{878A67EF-495B-4EFC-8976-9C761160BC4A}.Release|Any CPU.ActiveCfg = Release|Any CPU
		{878A67EF-495B-4EFC-8976-9C761160BC4A}.Release|Any CPU.Build.0 = Release|Any CPU
		{B93E7FAB-1DDA-4224-9AA5-D8E8C2D5822D}.Debug|Any CPU.ActiveCfg = Debug|Any CPU
		{B93E7FAB-1DDA-4224-9AA5-D8E8C2D5822D}.Debug|Any CPU.Build.0 = Debug|Any CPU
		{B93E7FAB-1DDA-4224-9AA5-D8E8C2D5822D}.Release|Any CPU.ActiveCfg = Release|Any CPU
		{B93E7FAB-1DDA-4224-9AA5-D8E8C2D5822D}.Release|Any CPU.Build.0 = Release|Any CPU
		{3D8DF60C-06C5-4E93-9678-CB5944589703}.Debug|Any CPU.ActiveCfg = Debug|Any CPU
		{3D8DF60C-06C5-4E93-9678-CB5944589703}.Debug|Any CPU.Build.0 = Debug|Any CPU
		{3D8DF60C-06C5-4E93-9678-CB5944589703}.Release|Any CPU.ActiveCfg = Release|Any CPU
		{3D8DF60C-06C5-4E93-9678-CB5944589703}.Release|Any CPU.Build.0 = Release|Any CPU
		{9D91BE00-75E8-4CE8-BF44-0942F2BE5AE7}.Debug|Any CPU.ActiveCfg = Debug|Any CPU
		{9D91BE00-75E8-4CE8-BF44-0942F2BE5AE7}.Debug|Any CPU.Build.0 = Debug|Any CPU
		{9D91BE00-75E8-4CE8-BF44-0942F2BE5AE7}.Release|Any CPU.ActiveCfg = Release|Any CPU
		{9D91BE00-75E8-4CE8-BF44-0942F2BE5AE7}.Release|Any CPU.Build.0 = Release|Any CPU
		{3E7ADCAF-4D70-4421-9FBC-D907CCCAD527}.Debug|Any CPU.ActiveCfg = Debug|Any CPU
		{3E7ADCAF-4D70-4421-9FBC-D907CCCAD527}.Debug|Any CPU.Build.0 = Debug|Any CPU
		{3E7ADCAF-4D70-4421-9FBC-D907CCCAD527}.Release|Any CPU.ActiveCfg = Release|Any CPU
		{3E7ADCAF-4D70-4421-9FBC-D907CCCAD527}.Release|Any CPU.Build.0 = Release|Any CPU
		{1AC8D510-1CF7-46B7-A40A-E71FDBBAF88B}.Debug|Any CPU.ActiveCfg = Debug|Any CPU
		{1AC8D510-1CF7-46B7-A40A-E71FDBBAF88B}.Debug|Any CPU.Build.0 = Debug|Any CPU
		{1AC8D510-1CF7-46B7-A40A-E71FDBBAF88B}.Release|Any CPU.ActiveCfg = Release|Any CPU
		{1AC8D510-1CF7-46B7-A40A-E71FDBBAF88B}.Release|Any CPU.Build.0 = Release|Any CPU
		{0D40EAD4-42BE-40B1-8DC6-01870FA5D395}.Debug|Any CPU.ActiveCfg = Debug|Any CPU
		{0D40EAD4-42BE-40B1-8DC6-01870FA5D395}.Debug|Any CPU.Build.0 = Debug|Any CPU
		{0D40EAD4-42BE-40B1-8DC6-01870FA5D395}.Release|Any CPU.ActiveCfg = Release|Any CPU
		{0D40EAD4-42BE-40B1-8DC6-01870FA5D395}.Release|Any CPU.Build.0 = Release|Any CPU
		{B2889455-BC64-4BB9-90C8-2F857763C211}.Debug|Any CPU.ActiveCfg = Debug|Any CPU
		{B2889455-BC64-4BB9-90C8-2F857763C211}.Debug|Any CPU.Build.0 = Debug|Any CPU
		{B2889455-BC64-4BB9-90C8-2F857763C211}.Release|Any CPU.ActiveCfg = Release|Any CPU
		{B2889455-BC64-4BB9-90C8-2F857763C211}.Release|Any CPU.Build.0 = Release|Any CPU
		{DE6261DC-CAC3-4511-8B4A-852975C65111}.Debug|Any CPU.ActiveCfg = Debug|Any CPU
		{DE6261DC-CAC3-4511-8B4A-852975C65111}.Debug|Any CPU.Build.0 = Debug|Any CPU
		{DE6261DC-CAC3-4511-8B4A-852975C65111}.Release|Any CPU.ActiveCfg = Release|Any CPU
		{DE6261DC-CAC3-4511-8B4A-852975C65111}.Release|Any CPU.Build.0 = Release|Any CPU
		{7D376AC7-420C-4C03-85F1-BD9EA23002C5}.Debug|Any CPU.ActiveCfg = Debug|Any CPU
		{7D376AC7-420C-4C03-85F1-BD9EA23002C5}.Debug|Any CPU.Build.0 = Debug|Any CPU
		{7D376AC7-420C-4C03-85F1-BD9EA23002C5}.Release|Any CPU.ActiveCfg = Release|Any CPU
		{7D376AC7-420C-4C03-85F1-BD9EA23002C5}.Release|Any CPU.Build.0 = Release|Any CPU
	EndGlobalSection
	GlobalSection(SolutionProperties) = preSolution
		HideSolutionNode = FALSE
	EndGlobalSection
	GlobalSection(ExtensibilityGlobals) = postSolution
		SolutionGuid = {892C9CDA-FDA2-42A4-8756-B80B7EC9D27A}
	EndGlobalSection
EndGlobal
